// !$*UTF8*$!
{
	archiveVersion = 1;
	classes = {
	};
	objectVersion = 77;
	objects = {

/* Begin PBXBuildFile section */
		02A2F11140840028AD044865 /* SessionStore.swift in Sources */ = {isa = PBXBuildFile; fileRef = 6D85B2EFE2C0DE9B65976354 /* SessionStore.swift */; };
		033D503AA7D778345ABFFFE1 /* Assets.xcassets in Resources */ = {isa = PBXBuildFile; fileRef = E35F67AF2A306DA50B1B2381 /* Assets.xcassets */; };
		FF95F66EA06BAC5CB2DD5F18 /* PrivacyInfo.xcprivacy in Resources */ = {isa = PBXBuildFile; fileRef = D8B09FD21FF4C58F2F63BA40 /* PrivacyInfo.xcprivacy */; };
		069D602F38322AC0DCE61523 /* OilaTelemetryService.swift in Sources */ = {isa = PBXBuildFile; fileRef = 717167572124BB3D730729A1 /* OilaTelemetryService.swift */; };
		09F30A0121B9AB650619C07A /* RootView+Routing.swift in Sources */ = {isa = PBXBuildFile; fileRef = 8CCA4C0A698412F1F9833440 /* RootView+Routing.swift */; };
		1369F7E2A3CC99F3D2B4F0BF /* Localizable.strings in Resources */ = {isa = PBXBuildFile; fileRef = 7D441635799ADCD5BD105D19 /* Localizable.strings */; };
		156A236D65155CD1D4381BC4 /* AppHaptics.swift in Sources */ = {isa = PBXBuildFile; fileRef = 2425C8628135185130E301B7 /* AppHaptics.swift */; };
		1802E26A36C0451F1831F065 /* AppColors.swift in Sources */ = {isa = PBXBuildFile; fileRef = B4C6C570B71E54A7F777CB04 /* AppColors.swift */; };
		1882771C7296B1B31B33E5C0 /* AppRuntime.swift in Sources */ = {isa = PBXBuildFile; fileRef = 7D6EA548F1CF7F9E1A410269 /* AppRuntime.swift */; };
		1A00661240F9B180A7A30B42 /* BolajonPermissionsFlowView.swift in Sources */ = {isa = PBXBuildFile; fileRef = 042E76FA3DD6014AFC4F2B4A /* BolajonPermissionsFlowView.swift */; };
		1B6F7C60D4C4D1BC1EFA8072 /* DeviceLockCoordinator.swift in Sources */ = {isa = PBXBuildFile; fileRef = 8D01FDFCD84E6D7555D3BFCA /* DeviceLockCoordinator.swift */; };
		1BAA26AFBC94468B99A31FED /* ScreenTimeUsageSharedModels.swift in Sources */ = {isa = PBXBuildFile; fileRef = C4C1A8005C2E6130F0254562 /* ScreenTimeUsageSharedModels.swift */; };
		1F04535F37389556606E0126 /* LocationPermissionManager+Actions.swift in Sources */ = {isa = PBXBuildFile; fileRef = 06DAEF47AD8DBAF461964045 /* LocationPermissionManager+Actions.swift */; };
		213E610135A06A9976AA6C95 /* PushInboxStore+Mutations.swift in Sources */ = {isa = PBXBuildFile; fileRef = E381C1C47BEBF468020D9CF3 /* PushInboxStore+Mutations.swift */; };
		21CD5BDD52E44B109A0B7C87 /* DeviceControlEventSharedStore.swift in Sources */ = {isa = PBXBuildFile; fileRef = 31CB267462E8296CE7B50CDD /* DeviceControlEventSharedStore.swift */; };
		22BCEF732C10225235B04EF9 /* OilaDeviceAPI.swift in Sources */ = {isa = PBXBuildFile; fileRef = F3F053E4C25DD32A0EE0D609 /* OilaDeviceAPI.swift */; };
		22E7F6EB6E023F4549FC91F0 /* PermissionRequirement.swift in Sources */ = {isa = PBXBuildFile; fileRef = 406257A2E792217E0DA9B72A /* PermissionRequirement.swift */; };
		32BC1A012F69914E00B088F7 /* DeviceApplicationsSyncWebSocketService.swift in Sources */ = {isa = PBXBuildFile; fileRef = 32BC1A002F69914E00B088F7 /* DeviceApplicationsSyncWebSocketService.swift */; };
		34E7EE4BAA5D64256E27662B /* ScreenTimeUsageActivitySummary.swift in Sources */ = {isa = PBXBuildFile; fileRef = 1D9E55F392A6E47D99AA4BE7 /* ScreenTimeUsageActivitySummary.swift */; };
		350DE396F3550391AF1F3E17 /* DeviceLockScheduleSupport.swift in Sources */ = {isa = PBXBuildFile; fileRef = 95B0CE9BBF7416A3F9A8EF7A /* DeviceLockScheduleSupport.swift */; };
		37760941AA63006820D7BAE9 /* DeviceLockShieldController.swift in Sources */ = {isa = PBXBuildFile; fileRef = 2AC9CC208A8592E5CAE0921D /* DeviceLockShieldController.swift */; };
		3C465EFD824F4F06990EA633 /* DeviceLockScheduleSupport.swift in Sources */ = {isa = PBXBuildFile; fileRef = 95B0CE9BBF7416A3F9A8EF7A /* DeviceLockScheduleSupport.swift */; };
		46A8F0403F7C195BE3D999A2 /* PermissionStatusSnapshot.swift in Sources */ = {isa = PBXBuildFile; fileRef = B6686EB0A6F26CDBAD6ABC37 /* PermissionStatusSnapshot.swift */; };
		4B4E1FF589C595FD088F8B62 /* DeviceApplicationStateService.swift in Sources */ = {isa = PBXBuildFile; fileRef = C45ED121A102053D74358C91 /* DeviceApplicationStateService.swift */; };
		4D835BC4403A3627B4CD5564 /* DeviceAppLimitMonitorController.swift in Sources */ = {isa = PBXBuildFile; fileRef = 611DF2DB1B84CE6845E61F65 /* DeviceAppLimitMonitorController.swift */; };
		4E0C31E83F3E48D0964937D2 /* SmartOilaUsageReport.swift in Sources */ = {isa = PBXBuildFile; fileRef = 2F6A7F416F8F47B5A633F74E /* SmartOilaUsageReport.swift */; };
		50B88251B0431D3F098B7EF5 /* ActivityShareSheet.swift in Sources */ = {isa = PBXBuildFile; fileRef = F3A477DC58268B911BE8094F /* ActivityShareSheet.swift */; };
		526DDB581801D3C763C6AFE0 /* DeviceLockModels.swift in Sources */ = {isa = PBXBuildFile; fileRef = B6299D7514F1C609FFA8BCAB /* DeviceLockModels.swift */; };
		531DBA02ECAF66E56CDD03D3 /* DeviceAppLimitSharedStore.swift in Sources */ = {isa = PBXBuildFile; fileRef = 8F30C4E774EB78FB3C02B179 /* DeviceAppLimitSharedStore.swift */; };
		547C9284661457BD92FD3966 /* PushDeepLinkStore.swift in Sources */ = {isa = PBXBuildFile; fileRef = C1E438381115ACFD35C54E19 /* PushDeepLinkStore.swift */; };
		549053EC342E9E528DD2F8DC /* SettingsDiagnosticsValueMapper.swift in Sources */ = {isa = PBXBuildFile; fileRef = 38A09C3F9BEAB5F94EAA672B /* SettingsDiagnosticsValueMapper.swift */; };
		5504157A28114BB4438D18D8 /* ChildChromeActions.swift in Sources */ = {isa = PBXBuildFile; fileRef = 013D3C6FA475C294D974034B /* ChildChromeActions.swift */; };
		588D71E3F79950E6A3546C98 /* ScreenTimeUsageSharedModels.swift in Sources */ = {isa = PBXBuildFile; fileRef = C4C1A8005C2E6130F0254562 /* ScreenTimeUsageSharedModels.swift */; };
		5A602650DBEEF54F0661A7EA /* DeviceApplicationLockWebSocketService.swift in Sources */ = {isa = PBXBuildFile; fileRef = 85A42DCFCDDCD21E9CB47D23 /* DeviceApplicationLockWebSocketService.swift */; };
		5A97564782C38B4656C7525D /* Date+Formatting.swift in Sources */ = {isa = PBXBuildFile; fileRef = 83B26323909457D23552B64D /* Date+Formatting.swift */; };
		5BF7B3C886CE178FFD227EBD /* LocationPermissionManager+Observation.swift in Sources */ = {isa = PBXBuildFile; fileRef = 646FB75A4701166CE156BEE6 /* LocationPermissionManager+Observation.swift */; };
		5C29D76513395FB5680C999B /* DeviceLockWebSocketService.swift in Sources */ = {isa = PBXBuildFile; fileRef = B156D03B8A8CFF9B5F3A42FE /* DeviceLockWebSocketService.swift */; };
		61B80B9F1BC6B50E2B10DED8 /* SecureTokenStore.swift in Sources */ = {isa = PBXBuildFile; fileRef = 3D4C3390ED8335A9549C15E1 /* SecureTokenStore.swift */; };
		625127CEBE170750BC8BDC8E /* DeviceAppLockSyncCoordinator.swift in Sources */ = {isa = PBXBuildFile; fileRef = EE5059CB7695B1358A8AC465 /* DeviceAppLockSyncCoordinator.swift */; };
		641A8CF0BF72452F4485E701 /* DeviceAppLimitService.swift in Sources */ = {isa = PBXBuildFile; fileRef = 488D9F572931817683B921E7 /* DeviceAppLimitService.swift */; };
		6B4971FF763DA73DA6DA8EF5 /* DeviceControlEventSharedStore.swift in Sources */ = {isa = PBXBuildFile; fileRef = 31CB267462E8296CE7B50CDD /* DeviceControlEventSharedStore.swift */; };
		6E27C030E7CD94583976FDFB /* BolajonSettingsView.swift in Sources */ = {isa = PBXBuildFile; fileRef = 960DB08C9B3AA4CDF8B04423 /* BolajonSettingsView.swift */; };
		7035D0F4DFA51CF3C677B465 /* DeviceLockScheduleMonitorController.swift in Sources */ = {isa = PBXBuildFile; fileRef = D119B18D174C7731B54000FC /* DeviceLockScheduleMonitorController.swift */; };
		71A59BA0288247CD5A37B313 /* DeviceControlIntegrityNotifier.swift in Sources */ = {isa = PBXBuildFile; fileRef = CA294B762F324E710755FF2E /* DeviceControlIntegrityNotifier.swift */; };
		72F6D3C5E18214B1604AD294 /* LocationPermissionManager.swift in Sources */ = {isa = PBXBuildFile; fileRef = 1242F15864F04C95AF65E92C /* LocationPermissionManager.swift */; };
		754174CD1B095C5878B7A610 /* ScreenTimeUsageCoordinator.swift in Sources */ = {isa = PBXBuildFile; fileRef = AA8AAD14D93BEA1AEC4822E4 /* ScreenTimeUsageCoordinator.swift */; };
		754174CE1B095C5878B7A610 /* DeviceApplicationUsageReportCoordinator.swift in Sources */ = {isa = PBXBuildFile; fileRef = AA8AAD15D93BEA1AEC4822E4 /* DeviceApplicationUsageReportCoordinator.swift */; };
		7DC90862449C3EF32CF0F725 /* AppInviteAttribution.swift in Sources */ = {isa = PBXBuildFile; fileRef = 2DB0F3F3272023EF43F5CF64 /* AppInviteAttribution.swift */; };
		8B78823D7E8341F05B946819 /* RootView.swift in Sources */ = {isa = PBXBuildFile; fileRef = 1A91856886268BFE3E002F1F /* RootView.swift */; };
		8C1B6ED634A4E71A01A4EC75 /* DeviceLockService.swift in Sources */ = {isa = PBXBuildFile; fileRef = 98D120F82B2D862255E144CE /* DeviceLockService.swift */; };
		8CE02FD96D67814C261FDBEE /* BolajonTasksView.swift in Sources */ = {isa = PBXBuildFile; fileRef = C678BBB83DEE8F99F76A03EE /* BolajonTasksView.swift */; };
		8ED64CCFFAE40B0BEE6B018C /* PushInboxStore+Storage.swift in Sources */ = {isa = PBXBuildFile; fileRef = 40AADA7374238CB71F090936 /* PushInboxStore+Storage.swift */; };
		9299DB75CBBFFFB8A60E222C /* LocationPermissionManager+Evaluation.swift in Sources */ = {isa = PBXBuildFile; fileRef = 37CE1F79AD1D30E842792DAF /* LocationPermissionManager+Evaluation.swift */; };
		942E3A223251455EACACA6F1 /* ScreenTimeUsageAppGroup.swift in Sources */ = {isa = PBXBuildFile; fileRef = 6B23147D0A5327CED850D5FA /* ScreenTimeUsageAppGroup.swift */; };
		98CADBC9DDB254BE59119ADD /* ScreenTimeAuthorizationManager.swift in Sources */ = {isa = PBXBuildFile; fileRef = 083AE2B30276D09934C7C631 /* ScreenTimeAuthorizationManager.swift */; };
		9C7A2A347700F00EB29AED4D /* ScreenTimeUsageSharedStore.swift in Sources */ = {isa = PBXBuildFile; fileRef = 78414B2658CB70EDE6CCD52B /* ScreenTimeUsageSharedStore.swift */; };
		A0F60B1A41788C79F4ED1A0B /* GrowthMetricsStore.swift in Sources */ = {isa = PBXBuildFile; fileRef = 6FBD506491C43954D10DF0D6 /* GrowthMetricsStore.swift */; };
		A151511ADA32FE25E7DF70A8 /* ScreenTimeUsageAppGroup.swift in Sources */ = {isa = PBXBuildFile; fileRef = 6B23147D0A5327CED850D5FA /* ScreenTimeUsageAppGroup.swift */; };
		A1BB0EC03DC37ED6656C144B /* RuntimeDiagnosticsCenter.swift in Sources */ = {isa = PBXBuildFile; fileRef = 3AA203AA13030A6560B31897 /* RuntimeDiagnosticsCenter.swift */; };
		A2C1636FFCFC84422D8EAD71 /* PushInboxStore+Read.swift in Sources */ = {isa = PBXBuildFile; fileRef = CE1622297DBE6E8EBC5D18CF /* PushInboxStore+Read.swift */; };
		A40E9E9756993DEA0DB04A4D /* InfoPlist.strings in Resources */ = {isa = PBXBuildFile; fileRef = 773C5143FC368E6B3FA28423 /* InfoPlist.strings */; };
		A473F051843443EE93423757 /* SmartOilaKidsUsageReportExtension.swift in Sources */ = {isa = PBXBuildFile; fileRef = F3AE0F8316C44BC78E962C07 /* SmartOilaKidsUsageReportExtension.swift */; };
		A6BA458727297D7F159F02E1 /* SmartOilaKidsApp.swift in Sources */ = {isa = PBXBuildFile; fileRef = 3CDB01AA9B7B68ABB29FECE2 /* SmartOilaKidsApp.swift */; };
		A88641B7F9CD0A50083576B3 /* DeviceControlRecoveryNotifier.swift in Sources */ = {isa = PBXBuildFile; fileRef = 80AC7AE910384F475050947C /* DeviceControlRecoveryNotifier.swift */; };
		A8C22CCB8D0AAC0E889FF8BB /* DSNScopedStorage.swift in Sources */ = {isa = PBXBuildFile; fileRef = AB1969F4FA44EB2A77CA5084 /* DSNScopedStorage.swift */; };
		A9545578A313D0B44FA87613 /* AppPreferences.swift in Sources */ = {isa = PBXBuildFile; fileRef = 1842BC9A7B725383EAF19B63 /* AppPreferences.swift */; };
		A981309D438B4CAA82487FF5 /* PushInboxStore.swift in Sources */ = {isa = PBXBuildFile; fileRef = A9330607ECABFAFCD014BA56 /* PushInboxStore.swift */; };
		AB12EDC2467F4FE3AEBB40B0 /* ScreenTimeUsageSharedStore.swift in Sources */ = {isa = PBXBuildFile; fileRef = 78414B2658CB70EDE6CCD52B /* ScreenTimeUsageSharedStore.swift */; };
		ABDC972206A0DD1BA72347C4 /* DeviceAppLockSelectionStore.swift in Sources */ = {isa = PBXBuildFile; fileRef = 000EB148968CDFEE38501FBC /* DeviceAppLockSelectionStore.swift */; };
		AC66ED9A739886DD1535E3E5 /* SettingsProtectionController.swift in Sources */ = {isa = PBXBuildFile; fileRef = D1315ADC2572DD71C45627D5 /* SettingsProtectionController.swift */; };
		ACF90C412AB10A271B7BDFBB /* ScreenTimeUsageReportBridgeView.swift in Sources */ = {isa = PBXBuildFile; fileRef = 50786F23B965A8D8ECF485A8 /* ScreenTimeUsageReportBridgeView.swift */; };
		AEFC4A423E96D6F5343B9947 /* DeviceLockOverlay.swift in Sources */ = {isa = PBXBuildFile; fileRef = 606CE5F9A5B49E4E586E2DDA /* DeviceLockOverlay.swift */; };
		B1346442FED346C1AE4965C6 /* DeviceAppLimitSharedStore.swift in Sources */ = {isa = PBXBuildFile; fileRef = 8F30C4E774EB78FB3C02B179 /* DeviceAppLimitSharedStore.swift */; };
		B13A490B95DA82840D403B4E /* String+Formatting.swift in Sources */ = {isa = PBXBuildFile; fileRef = EFDAC27DF29466EDA313D2C5 /* String+Formatting.swift */; };
		B15E91A197BAF88553BFD699 /* ChildChromeNavigation.swift in Sources */ = {isa = PBXBuildFile; fileRef = 6B3F19AEC0C6D1D3132D54D1 /* ChildChromeNavigation.swift */; };
		BD96FDE910D0B24E8DF6AD59 /* AppConfig.swift in Sources */ = {isa = PBXBuildFile; fileRef = F3856E652D5D319DC95A00A3 /* AppConfig.swift */; };
		C0E98A711DFE4543A7BA3C20 /* SmartOilaKidsDeviceActivityMonitorExtension.swift in Sources */ = {isa = PBXBuildFile; fileRef = 85956B25DDB545FE94EF8499 /* SmartOilaKidsDeviceActivityMonitorExtension.swift */; };
		C381EAF82D8031A6DE4E1FE2 /* ChildChromeBranding.swift in Sources */ = {isa = PBXBuildFile; fileRef = 9B35C83F2A4F548512EB20FB /* ChildChromeBranding.swift */; };
		C85F8BC5229FDB43AE443559 /* BolajonHomeView.swift in Sources */ = {isa = PBXBuildFile; fileRef = AE0BB44306A2070B7F7C6FDD /* BolajonHomeView.swift */; };
		CC3DCFC38FAF38F886C60468 /* AppTypography.swift in Sources */ = {isa = PBXBuildFile; fileRef = 902BD06432A3F2707A5BF113 /* AppTypography.swift */; };
		CD93BE5694226779BF5707C9 /* PushNotificationTypes.swift in Sources */ = {isa = PBXBuildFile; fileRef = 2567114AF6B224317CA7ACFF /* PushNotificationTypes.swift */; };
		CF094EFE3B06048BBA6C907E /* L10n.swift in Sources */ = {isa = PBXBuildFile; fileRef = 41D40E74ED4CC61BE7C6A0B2 /* L10n.swift */; };
		D725839CD0183AB79B948556 /* PushCommandPayload.swift in Sources */ = {isa = PBXBuildFile; fileRef = 431DBC98997C4C755E64823D /* PushCommandPayload.swift */; };
		D8B0CDCCA4DD43B16B6FF5D6 /* BolajonKit.swift in Sources */ = {isa = PBXBuildFile; fileRef = 59E627ECB6EBB0A790D11AF5 /* BolajonKit.swift */; };
		D9ABF3504A530FBFBA013D5C /* PushNotifications.swift in Sources */ = {isa = PBXBuildFile; fileRef = D67CB8ABD9F08930576D52B8 /* PushNotifications.swift */; };
		DD5C6FD4B4F17FDE7FECC2CA /* DeviceApplicationRemovalAttemptCoordinator.swift in Sources */ = {isa = PBXBuildFile; fileRef = F3EC448F6E28C731606F52D2 /* DeviceApplicationRemovalAttemptCoordinator.swift */; };
		DF0271E480148B80CC45FC12 /* RootView+PushHandling.swift in Sources */ = {isa = PBXBuildFile; fileRef = A8CB88E59DE6518D215B75D0 /* RootView+PushHandling.swift */; };
		DFF8E9E8A7FB4B1A9393BDC1 /* DeviceControlEventBridge.swift in Sources */ = {isa = PBXBuildFile; fileRef = 20547D1D3DB7FEC2DDCFBDB4 /* DeviceControlEventBridge.swift */; };
		E01ED3FE818B28F9CF2F4371 /* PushCommandRouter+Parsing.swift in Sources */ = {isa = PBXBuildFile; fileRef = 9875708CE038752BC580714F /* PushCommandRouter+Parsing.swift */; };
		E0B997DFBFA98D1D8905B1BC /* PermissionChecklistEvaluator.swift in Sources */ = {isa = PBXBuildFile; fileRef = 905F42DACE8A0D7E411277EE /* PermissionChecklistEvaluator.swift */; };
		E2DC5C66717C3522752890B1 /* RootView+Lifecycle.swift in Sources */ = {isa = PBXBuildFile; fileRef = 5B3FFE1159A9637FFBA1F1AE /* RootView+Lifecycle.swift */; };
		E481746796087CE2A97D9062 /* SmartOilaKidsAppDelegate.swift in Sources */ = {isa = PBXBuildFile; fileRef = 6CC4D449391970DCABF65CC0 /* SmartOilaKidsAppDelegate.swift */; };
		E7292B0E34273320673569EE /* PushCommandRouter.swift in Sources */ = {isa = PBXBuildFile; fileRef = 07FF2F04EB7460062D6EF53B /* PushCommandRouter.swift */; };
		E7B4F0D31A9C4E6582B17F01 /* ProductFallbackText.swift in Sources */ = {isa = PBXBuildFile; fileRef = E7B4F0D31A9C4E6582B17F02 /* ProductFallbackText.swift */; };
		E869FC25FABA547134DDBABE /* DeviceGlobalLockPayloadParser.swift in Sources */ = {isa = PBXBuildFile; fileRef = E7D7F84A76FF9C6414AEDBB7 /* DeviceGlobalLockPayloadParser.swift */; };
		EB85C6EA7609448E81B7CCEE /* SmartOilaUsageReportView.swift in Sources */ = {isa = PBXBuildFile; fileRef = BF6C933CA55D47C1BE4CB81B /* SmartOilaUsageReportView.swift */; };
		ECC22AFC4531692F70339B49 /* ChildChromeSurface.swift in Sources */ = {isa = PBXBuildFile; fileRef = 40F3C7A1FA531F104D26A2AD /* ChildChromeSurface.swift */; };
		F11DBEA0585748DF16A3D3F4 /* NetworkError.swift in Sources */ = {isa = PBXBuildFile; fileRef = E7613A83E34A4278DABAA4E3 /* NetworkError.swift */; };
		F1A0B1C2D3E4F50617283940 /* NetworkErrorRetryPolicyTests.swift in Sources */ = {isa = PBXBuildFile; fileRef = F1A0B1C2D3E4F50617283943 /* NetworkErrorRetryPolicyTests.swift */; };
		F1A0B1C2D3E4F50617283950 /* QueueCoordinatorTests.swift in Sources */ = {isa = PBXBuildFile; fileRef = F1A0B1C2D3E4F50617283951 /* QueueCoordinatorTests.swift */; };
		F1A0B1C2D3E4F50617283952 /* SmartOilaKidsCoreUnitTests.swift in Sources */ = {isa = PBXBuildFile; fileRef = F1A0B1C2D3E4F50617283953 /* SmartOilaKidsCoreUnitTests.swift */; };
		F1A0B1C2D3E4F50617283964 /* DeviceLockCoordinatorTests.swift in Sources */ = {isa = PBXBuildFile; fileRef = F1A0B1C2D3E4F50617283965 /* DeviceLockCoordinatorTests.swift */; };
		F1A0B1C2D3E4F50617283966 /* DeviceAppLimitMonitorControllerTests.swift in Sources */ = {isa = PBXBuildFile; fileRef = F1A0B1C2D3E4F50617283967 /* DeviceAppLimitMonitorControllerTests.swift */; };
		F1A0B1C2D3E4F50617283968 /* DeviceLockScheduleMonitorControllerTests.swift in Sources */ = {isa = PBXBuildFile; fileRef = F1A0B1C2D3E4F50617283969 /* DeviceLockScheduleMonitorControllerTests.swift */; };
		F1A0B1C2D3E4F50617283970 /* DeviceLockShieldControllerTests.swift in Sources */ = {isa = PBXBuildFile; fileRef = F1A0B1C2D3E4F50617283971 /* DeviceLockShieldControllerTests.swift */; };
		F1A0B1C2D3E4F506172839A0 /* SettingsProtectionControllerTests.swift in Sources */ = {isa = PBXBuildFile; fileRef = F1A0B1C2D3E4F506172839A1 /* SettingsProtectionControllerTests.swift */; };
		F1A0B1C2D3E4F506172839A2 /* BolajonHomeViewModelTests.swift in Sources */ = {isa = PBXBuildFile; fileRef = F1A0B1C2D3E4F506172839A3 /* BolajonHomeViewModelTests.swift */; };
		F1A0B1C2D3E4F50617283A01 /* OilaDeviceClientTests.swift in Sources */ = {isa = PBXBuildFile; fileRef = F1A0B1C2D3E4F50617283A02 /* OilaDeviceClientTests.swift */; };
		F1A0B1C2D3E4F506172839A4 /* BolajonPermissionChecklistTests.swift in Sources */ = {isa = PBXBuildFile; fileRef = F1A0B1C2D3E4F506172839A5 /* BolajonPermissionChecklistTests.swift */; };
		F616424CC01DE567EE1A1EBE /* HTTPMethod.swift in Sources */ = {isa = PBXBuildFile; fileRef = E9C8610E862B6B9260CC2085 /* HTTPMethod.swift */; };
		F8D5039166D5E3FFDFA908D5 /* LoadPhase.swift in Sources */ = {isa = PBXBuildFile; fileRef = D616AA2DBAE5C7A3E9BBC183 /* LoadPhase.swift */; };
		FEA4706D43796BAF3BF44289 /* DeviceApplicationLockPayloadParser.swift in Sources */ = {isa = PBXBuildFile; fileRef = CE9548B0248BF51FB0A4C40A /* DeviceApplicationLockPayloadParser.swift */; };
		FF806ACDBEC29C4B36E57780 /* BolajonSetupFlowView.swift in Sources */ = {isa = PBXBuildFile; fileRef = 46F7A500D8401E5F9A6077D1 /* BolajonSetupFlowView.swift */; };
/* End PBXBuildFile section */

/* Begin PBXContainerItemProxy section */
		F1A0B1C2D3E4F50617283941 /* PBXContainerItemProxy */ = {
			isa = PBXContainerItemProxy;
			containerPortal = 2A1B11DB51DD89B22A0A6A7A /* Project object */;
			proxyType = 1;
			remoteGlobalIDString = 92844C8577B27B0138F9A882;
			remoteInfo = SmartOilaKids;
		};
/* End PBXContainerItemProxy section */

/* Begin PBXFileReference section */
		000EB148968CDFEE38501FBC /* DeviceAppLockSelectionStore.swift */ = {isa = PBXFileReference; lastKnownFileType = sourcecode.swift; path = DeviceAppLockSelectionStore.swift; sourceTree = "<group>"; };
		013D3C6FA475C294D974034B /* ChildChromeActions.swift */ = {isa = PBXFileReference; lastKnownFileType = sourcecode.swift; path = ChildChromeActions.swift; sourceTree = "<group>"; };
		042E76FA3DD6014AFC4F2B4A /* BolajonPermissionsFlowView.swift */ = {isa = PBXFileReference; lastKnownFileType = sourcecode.swift; path = BolajonPermissionsFlowView.swift; sourceTree = "<group>"; };
		06DAEF47AD8DBAF461964045 /* LocationPermissionManager+Actions.swift */ = {isa = PBXFileReference; lastKnownFileType = sourcecode.swift; path = "LocationPermissionManager+Actions.swift"; sourceTree = "<group>"; };
		07FF2F04EB7460062D6EF53B /* PushCommandRouter.swift */ = {isa = PBXFileReference; lastKnownFileType = sourcecode.swift; path = PushCommandRouter.swift; sourceTree = "<group>"; };
		083AE2B30276D09934C7C631 /* ScreenTimeAuthorizationManager.swift */ = {isa = PBXFileReference; lastKnownFileType = sourcecode.swift; path = ScreenTimeAuthorizationManager.swift; sourceTree = "<group>"; };
		0C39B2B99B81F60FCF4C0283 /* SmartOilaKids.entitlements */ = {isa = PBXFileReference; lastKnownFileType = text.plist.entitlements; path = SmartOilaKids.entitlements; sourceTree = "<group>"; };
		1242F15864F04C95AF65E92C /* LocationPermissionManager.swift */ = {isa = PBXFileReference; lastKnownFileType = sourcecode.swift; path = LocationPermissionManager.swift; sourceTree = "<group>"; };
		1842BC9A7B725383EAF19B63 /* AppPreferences.swift */ = {isa = PBXFileReference; lastKnownFileType = sourcecode.swift; path = AppPreferences.swift; sourceTree = "<group>"; };
		1A91856886268BFE3E002F1F /* RootView.swift */ = {isa = PBXFileReference; lastKnownFileType = sourcecode.swift; path = RootView.swift; sourceTree = "<group>"; };
		1D9E55F392A6E47D99AA4BE7 /* ScreenTimeUsageActivitySummary.swift */ = {isa = PBXFileReference; lastKnownFileType = sourcecode.swift; path = ScreenTimeUsageActivitySummary.swift; sourceTree = "<group>"; };
		20547D1D3DB7FEC2DDCFBDB4 /* DeviceControlEventBridge.swift */ = {isa = PBXFileReference; lastKnownFileType = sourcecode.swift; path = DeviceControlEventBridge.swift; sourceTree = "<group>"; };
		2425C8628135185130E301B7 /* AppHaptics.swift */ = {isa = PBXFileReference; lastKnownFileType = sourcecode.swift; path = AppHaptics.swift; sourceTree = "<group>"; };
		2567114AF6B224317CA7ACFF /* PushNotificationTypes.swift */ = {isa = PBXFileReference; lastKnownFileType = sourcecode.swift; path = PushNotificationTypes.swift; sourceTree = "<group>"; };
		2AC9CC208A8592E5CAE0921D /* DeviceLockShieldController.swift */ = {isa = PBXFileReference; lastKnownFileType = sourcecode.swift; path = DeviceLockShieldController.swift; sourceTree = "<group>"; };
		2DB0F3F3272023EF43F5CF64 /* AppInviteAttribution.swift */ = {isa = PBXFileReference; lastKnownFileType = sourcecode.swift; path = AppInviteAttribution.swift; sourceTree = "<group>"; };
		2F6A7F416F8F47B5A633F74E /* SmartOilaUsageReport.swift */ = {isa = PBXFileReference; lastKnownFileType = sourcecode.swift; path = SmartOilaUsageReport.swift; sourceTree = "<group>"; };
		31CB267462E8296CE7B50CDD /* DeviceControlEventSharedStore.swift */ = {isa = PBXFileReference; lastKnownFileType = sourcecode.swift; path = DeviceControlEventSharedStore.swift; sourceTree = "<group>"; };
		32BC1A002F69914E00B088F7 /* DeviceApplicationsSyncWebSocketService.swift */ = {isa = PBXFileReference; lastKnownFileType = sourcecode.swift; path = DeviceApplicationsSyncWebSocketService.swift; sourceTree = "<group>"; };
		34E10BC46EB1DB8C47CF72CD /* ru */ = {isa = PBXFileReference; lastKnownFileType = text.plist.strings; name = ru; path = ru.lproj/Localizable.strings; sourceTree = "<group>"; };
		37CE1F79AD1D30E842792DAF /* LocationPermissionManager+Evaluation.swift */ = {isa = PBXFileReference; lastKnownFileType = sourcecode.swift; path = "LocationPermissionManager+Evaluation.swift"; sourceTree = "<group>"; };
		38A09C3F9BEAB5F94EAA672B /* SettingsDiagnosticsValueMapper.swift */ = {isa = PBXFileReference; lastKnownFileType = sourcecode.swift; path = SettingsDiagnosticsValueMapper.swift; sourceTree = "<group>"; };
		3AA203AA13030A6560B31897 /* RuntimeDiagnosticsCenter.swift */ = {isa = PBXFileReference; lastKnownFileType = sourcecode.swift; path = RuntimeDiagnosticsCenter.swift; sourceTree = "<group>"; };
		3CDB01AA9B7B68ABB29FECE2 /* SmartOilaKidsApp.swift */ = {isa = PBXFileReference; lastKnownFileType = sourcecode.swift; path = SmartOilaKidsApp.swift; sourceTree = "<group>"; };
		3D4C3390ED8335A9549C15E1 /* SecureTokenStore.swift */ = {isa = PBXFileReference; lastKnownFileType = sourcecode.swift; path = SecureTokenStore.swift; sourceTree = "<group>"; };
		3F046CE501D64E17BB552F1A /* SmartOilaKidsScheduleMonitorExtension.appex */ = {isa = PBXFileReference; explicitFileType = "wrapper.app-extension"; includeInIndex = 0; path = SmartOilaKidsScheduleMonitorExtension.appex; sourceTree = BUILT_PRODUCTS_DIR; };
		406257A2E792217E0DA9B72A /* PermissionRequirement.swift */ = {isa = PBXFileReference; lastKnownFileType = sourcecode.swift; path = PermissionRequirement.swift; sourceTree = "<group>"; };
		40AADA7374238CB71F090936 /* PushInboxStore+Storage.swift */ = {isa = PBXFileReference; lastKnownFileType = sourcecode.swift; path = "PushInboxStore+Storage.swift"; sourceTree = "<group>"; };
		40F3C7A1FA531F104D26A2AD /* ChildChromeSurface.swift */ = {isa = PBXFileReference; lastKnownFileType = sourcecode.swift; path = ChildChromeSurface.swift; sourceTree = "<group>"; };
		41D40E74ED4CC61BE7C6A0B2 /* L10n.swift */ = {isa = PBXFileReference; lastKnownFileType = sourcecode.swift; path = L10n.swift; sourceTree = "<group>"; };
		431DBC98997C4C755E64823D /* PushCommandPayload.swift */ = {isa = PBXFileReference; lastKnownFileType = sourcecode.swift; path = PushCommandPayload.swift; sourceTree = "<group>"; };
		46F7A500D8401E5F9A6077D1 /* BolajonSetupFlowView.swift */ = {isa = PBXFileReference; lastKnownFileType = sourcecode.swift; path = BolajonSetupFlowView.swift; sourceTree = "<group>"; };
		488D9F572931817683B921E7 /* DeviceAppLimitService.swift */ = {isa = PBXFileReference; lastKnownFileType = sourcecode.swift; path = DeviceAppLimitService.swift; sourceTree = "<group>"; };
		4D0BC0423D576553D183CB83 /* SmartOilaKids.app */ = {isa = PBXFileReference; explicitFileType = wrapper.application; includeInIndex = 0; path = SmartOilaKids.app; sourceTree = BUILT_PRODUCTS_DIR; };
		5067CE0B4251BE5369640F2A /* en */ = {isa = PBXFileReference; lastKnownFileType = text.plist.strings; name = en; path = en.lproj/Localizable.strings; sourceTree = "<group>"; };
		50786F23B965A8D8ECF485A8 /* ScreenTimeUsageReportBridgeView.swift */ = {isa = PBXFileReference; lastKnownFileType = sourcecode.swift; path = ScreenTimeUsageReportBridgeView.swift; sourceTree = "<group>"; };
		59E627ECB6EBB0A790D11AF5 /* BolajonKit.swift */ = {isa = PBXFileReference; lastKnownFileType = sourcecode.swift; path = BolajonKit.swift; sourceTree = "<group>"; };
		5B3FFE1159A9637FFBA1F1AE /* RootView+Lifecycle.swift */ = {isa = PBXFileReference; lastKnownFileType = sourcecode.swift; path = "RootView+Lifecycle.swift"; sourceTree = "<group>"; };
		606CE5F9A5B49E4E586E2DDA /* DeviceLockOverlay.swift */ = {isa = PBXFileReference; lastKnownFileType = sourcecode.swift; path = DeviceLockOverlay.swift; sourceTree = "<group>"; };
		611DF2DB1B84CE6845E61F65 /* DeviceAppLimitMonitorController.swift */ = {isa = PBXFileReference; lastKnownFileType = sourcecode.swift; path = DeviceAppLimitMonitorController.swift; sourceTree = "<group>"; };
		646FB75A4701166CE156BEE6 /* LocationPermissionManager+Observation.swift */ = {isa = PBXFileReference; lastKnownFileType = sourcecode.swift; path = "LocationPermissionManager+Observation.swift"; sourceTree = "<group>"; };
		6B23147D0A5327CED850D5FA /* ScreenTimeUsageAppGroup.swift */ = {isa = PBXFileReference; lastKnownFileType = sourcecode.swift; path = ScreenTimeUsageAppGroup.swift; sourceTree = "<group>"; };
		6B3F19AEC0C6D1D3132D54D1 /* ChildChromeNavigation.swift */ = {isa = PBXFileReference; lastKnownFileType = sourcecode.swift; path = ChildChromeNavigation.swift; sourceTree = "<group>"; };
		6CC4D449391970DCABF65CC0 /* SmartOilaKidsAppDelegate.swift */ = {isa = PBXFileReference; lastKnownFileType = sourcecode.swift; path = SmartOilaKidsAppDelegate.swift; sourceTree = "<group>"; };
		6D85B2EFE2C0DE9B65976354 /* SessionStore.swift */ = {isa = PBXFileReference; lastKnownFileType = sourcecode.swift; path = SessionStore.swift; sourceTree = "<group>"; };
		6F2B0DC3B30C434F83993B11 /* SmartOilaKidsUsageReportExtension.entitlements */ = {isa = PBXFileReference; lastKnownFileType = text.plist.entitlements; path = SmartOilaKidsUsageReportExtension.entitlements; sourceTree = "<group>"; };
		6FBD506491C43954D10DF0D6 /* GrowthMetricsStore.swift */ = {isa = PBXFileReference; lastKnownFileType = sourcecode.swift; path = GrowthMetricsStore.swift; sourceTree = "<group>"; };
		717167572124BB3D730729A1 /* OilaTelemetryService.swift */ = {isa = PBXFileReference; lastKnownFileType = sourcecode.swift; path = OilaTelemetryService.swift; sourceTree = "<group>"; };
		78414B2658CB70EDE6CCD52B /* ScreenTimeUsageSharedStore.swift */ = {isa = PBXFileReference; lastKnownFileType = sourcecode.swift; path = ScreenTimeUsageSharedStore.swift; sourceTree = "<group>"; };
		79329B526E874CA7A0FFC10C /* SmartOilaKidsUsageReportExtension.appex */ = {isa = PBXFileReference; explicitFileType = "wrapper.extensionkit-extension"; includeInIndex = 0; path = SmartOilaKidsUsageReportExtension.appex; sourceTree = BUILT_PRODUCTS_DIR; };
		7D6EA548F1CF7F9E1A410269 /* AppRuntime.swift */ = {isa = PBXFileReference; lastKnownFileType = sourcecode.swift; path = AppRuntime.swift; sourceTree = "<group>"; };
		80AC7AE910384F475050947C /* DeviceControlRecoveryNotifier.swift */ = {isa = PBXFileReference; lastKnownFileType = sourcecode.swift; path = DeviceControlRecoveryNotifier.swift; sourceTree = "<group>"; };
		83B26323909457D23552B64D /* Date+Formatting.swift */ = {isa = PBXFileReference; lastKnownFileType = sourcecode.swift; path = "Date+Formatting.swift"; sourceTree = "<group>"; };
		85956B25DDB545FE94EF8499 /* SmartOilaKidsDeviceActivityMonitorExtension.swift */ = {isa = PBXFileReference; lastKnownFileType = sourcecode.swift; path = SmartOilaKidsDeviceActivityMonitorExtension.swift; sourceTree = "<group>"; };
		85A42DCFCDDCD21E9CB47D23 /* DeviceApplicationLockWebSocketService.swift */ = {isa = PBXFileReference; lastKnownFileType = sourcecode.swift; path = DeviceApplicationLockWebSocketService.swift; sourceTree = "<group>"; };
		8CCA4C0A698412F1F9833440 /* RootView+Routing.swift */ = {isa = PBXFileReference; lastKnownFileType = sourcecode.swift; path = "RootView+Routing.swift"; sourceTree = "<group>"; };
		8D01FDFCD84E6D7555D3BFCA /* DeviceLockCoordinator.swift */ = {isa = PBXFileReference; lastKnownFileType = sourcecode.swift; path = DeviceLockCoordinator.swift; sourceTree = "<group>"; };
		8F30C4E774EB78FB3C02B179 /* DeviceAppLimitSharedStore.swift */ = {isa = PBXFileReference; lastKnownFileType = sourcecode.swift; path = DeviceAppLimitSharedStore.swift; sourceTree = "<group>"; };
		902BD06432A3F2707A5BF113 /* AppTypography.swift */ = {isa = PBXFileReference; lastKnownFileType = sourcecode.swift; path = AppTypography.swift; sourceTree = "<group>"; };
		905F42DACE8A0D7E411277EE /* PermissionChecklistEvaluator.swift */ = {isa = PBXFileReference; lastKnownFileType = sourcecode.swift; path = PermissionChecklistEvaluator.swift; sourceTree = "<group>"; };
		95B0CE9BBF7416A3F9A8EF7A /* DeviceLockScheduleSupport.swift */ = {isa = PBXFileReference; lastKnownFileType = sourcecode.swift; path = DeviceLockScheduleSupport.swift; sourceTree = "<group>"; };
		960DB08C9B3AA4CDF8B04423 /* BolajonSettingsView.swift */ = {isa = PBXFileReference; lastKnownFileType = sourcecode.swift; path = BolajonSettingsView.swift; sourceTree = "<group>"; };
		9875708CE038752BC580714F /* PushCommandRouter+Parsing.swift */ = {isa = PBXFileReference; lastKnownFileType = sourcecode.swift; path = "PushCommandRouter+Parsing.swift"; sourceTree = "<group>"; };
		98D120F82B2D862255E144CE /* DeviceLockService.swift */ = {isa = PBXFileReference; lastKnownFileType = sourcecode.swift; path = DeviceLockService.swift; sourceTree = "<group>"; };
		9B35C83F2A4F548512EB20FB /* ChildChromeBranding.swift */ = {isa = PBXFileReference; lastKnownFileType = sourcecode.swift; path = ChildChromeBranding.swift; sourceTree = "<group>"; };
		9BE5577AC7D949BB8D31E0B3 /* Info.plist */ = {isa = PBXFileReference; lastKnownFileType = text.plist.xml; path = Info.plist; sourceTree = "<group>"; };
		A8CB88E59DE6518D215B75D0 /* RootView+PushHandling.swift */ = {isa = PBXFileReference; lastKnownFileType = sourcecode.swift; path = "RootView+PushHandling.swift"; sourceTree = "<group>"; };
		A9330607ECABFAFCD014BA56 /* PushInboxStore.swift */ = {isa = PBXFileReference; lastKnownFileType = sourcecode.swift; path = PushInboxStore.swift; sourceTree = "<group>"; };
		AA8AAD14D93BEA1AEC4822E4 /* ScreenTimeUsageCoordinator.swift */ = {isa = PBXFileReference; lastKnownFileType = sourcecode.swift; path = ScreenTimeUsageCoordinator.swift; sourceTree = "<group>"; };
		AA8AAD15D93BEA1AEC4822E4 /* DeviceApplicationUsageReportCoordinator.swift */ = {isa = PBXFileReference; lastKnownFileType = sourcecode.swift; path = DeviceApplicationUsageReportCoordinator.swift; sourceTree = "<group>"; };
		AB1969F4FA44EB2A77CA5084 /* DSNScopedStorage.swift */ = {isa = PBXFileReference; lastKnownFileType = sourcecode.swift; path = DSNScopedStorage.swift; sourceTree = "<group>"; };
		AE0BB44306A2070B7F7C6FDD /* BolajonHomeView.swift */ = {isa = PBXFileReference; lastKnownFileType = sourcecode.swift; path = BolajonHomeView.swift; sourceTree = "<group>"; };
		B156D03B8A8CFF9B5F3A42FE /* DeviceLockWebSocketService.swift */ = {isa = PBXFileReference; lastKnownFileType = sourcecode.swift; path = DeviceLockWebSocketService.swift; sourceTree = "<group>"; };
		B4C6C570B71E54A7F777CB04 /* AppColors.swift */ = {isa = PBXFileReference; lastKnownFileType = sourcecode.swift; path = AppColors.swift; sourceTree = "<group>"; };
		B6299D7514F1C609FFA8BCAB /* DeviceLockModels.swift */ = {isa = PBXFileReference; lastKnownFileType = sourcecode.swift; path = DeviceLockModels.swift; sourceTree = "<group>"; };
		B6686EB0A6F26CDBAD6ABC37 /* PermissionStatusSnapshot.swift */ = {isa = PBXFileReference; lastKnownFileType = sourcecode.swift; path = PermissionStatusSnapshot.swift; sourceTree = "<group>"; };
		BF6C933CA55D47C1BE4CB81B /* SmartOilaUsageReportView.swift */ = {isa = PBXFileReference; lastKnownFileType = sourcecode.swift; path = SmartOilaUsageReportView.swift; sourceTree = "<group>"; };
		C1E438381115ACFD35C54E19 /* PushDeepLinkStore.swift */ = {isa = PBXFileReference; lastKnownFileType = sourcecode.swift; path = PushDeepLinkStore.swift; sourceTree = "<group>"; };
		C45ED121A102053D74358C91 /* DeviceApplicationStateService.swift */ = {isa = PBXFileReference; lastKnownFileType = sourcecode.swift; path = DeviceApplicationStateService.swift; sourceTree = "<group>"; };
		C4C1A8005C2E6130F0254562 /* ScreenTimeUsageSharedModels.swift */ = {isa = PBXFileReference; lastKnownFileType = sourcecode.swift; path = ScreenTimeUsageSharedModels.swift; sourceTree = "<group>"; };
		C678BBB83DEE8F99F76A03EE /* BolajonTasksView.swift */ = {isa = PBXFileReference; lastKnownFileType = sourcecode.swift; path = BolajonTasksView.swift; sourceTree = "<group>"; };
		C9624025CFAF4D5BB40E0534 /* Info.plist */ = {isa = PBXFileReference; lastKnownFileType = text.plist.xml; path = Info.plist; sourceTree = "<group>"; };
		CA294B762F324E710755FF2E /* DeviceControlIntegrityNotifier.swift */ = {isa = PBXFileReference; lastKnownFileType = sourcecode.swift; path = DeviceControlIntegrityNotifier.swift; sourceTree = "<group>"; };
		CE1622297DBE6E8EBC5D18CF /* PushInboxStore+Read.swift */ = {isa = PBXFileReference; lastKnownFileType = sourcecode.swift; path = "PushInboxStore+Read.swift"; sourceTree = "<group>"; };
		CE9548B0248BF51FB0A4C40A /* DeviceApplicationLockPayloadParser.swift */ = {isa = PBXFileReference; lastKnownFileType = sourcecode.swift; path = DeviceApplicationLockPayloadParser.swift; sourceTree = "<group>"; };
		D119B18D174C7731B54000FC /* DeviceLockScheduleMonitorController.swift */ = {isa = PBXFileReference; lastKnownFileType = sourcecode.swift; path = DeviceLockScheduleMonitorController.swift; sourceTree = "<group>"; };
		D1315ADC2572DD71C45627D5 /* SettingsProtectionController.swift */ = {isa = PBXFileReference; lastKnownFileType = sourcecode.swift; path = SettingsProtectionController.swift; sourceTree = "<group>"; };
		D596D524F29FB461CB2E47DE /* en */ = {isa = PBXFileReference; lastKnownFileType = text.plist.strings; name = en; path = en.lproj/InfoPlist.strings; sourceTree = "<group>"; };
		D616AA2DBAE5C7A3E9BBC183 /* LoadPhase.swift */ = {isa = PBXFileReference; lastKnownFileType = sourcecode.swift; path = LoadPhase.swift; sourceTree = "<group>"; };
		D67CB8ABD9F08930576D52B8 /* PushNotifications.swift */ = {isa = PBXFileReference; lastKnownFileType = sourcecode.swift; path = PushNotifications.swift; sourceTree = "<group>"; };
		E35F67AF2A306DA50B1B2381 /* Assets.xcassets */ = {isa = PBXFileReference; lastKnownFileType = folder.assetcatalog; path = Assets.xcassets; sourceTree = "<group>"; };
		D8B09FD21FF4C58F2F63BA40 /* PrivacyInfo.xcprivacy */ = {isa = PBXFileReference; lastKnownFileType = text.plist.xml; path = PrivacyInfo.xcprivacy; sourceTree = "<group>"; };
		E381C1C47BEBF468020D9CF3 /* PushInboxStore+Mutations.swift */ = {isa = PBXFileReference; lastKnownFileType = sourcecode.swift; path = "PushInboxStore+Mutations.swift"; sourceTree = "<group>"; };
		E7613A83E34A4278DABAA4E3 /* NetworkError.swift */ = {isa = PBXFileReference; lastKnownFileType = sourcecode.swift; path = NetworkError.swift; sourceTree = "<group>"; };
		E7B4F0D31A9C4E6582B17F02 /* ProductFallbackText.swift */ = {isa = PBXFileReference; lastKnownFileType = sourcecode.swift; path = ProductFallbackText.swift; sourceTree = "<group>"; };
		E7D7F84A76FF9C6414AEDBB7 /* DeviceGlobalLockPayloadParser.swift */ = {isa = PBXFileReference; lastKnownFileType = sourcecode.swift; path = DeviceGlobalLockPayloadParser.swift; sourceTree = "<group>"; };
		E9C8610E862B6B9260CC2085 /* HTTPMethod.swift */ = {isa = PBXFileReference; lastKnownFileType = sourcecode.swift; path = HTTPMethod.swift; sourceTree = "<group>"; };
		E9F06F9BD5EC4846BBEB1E43 /* SmartOilaKidsScheduleMonitorExtension.entitlements */ = {isa = PBXFileReference; lastKnownFileType = text.plist.entitlements; path = SmartOilaKidsScheduleMonitorExtension.entitlements; sourceTree = "<group>"; };
		EB331ECB287E09881C1F8F48 /* uz */ = {isa = PBXFileReference; lastKnownFileType = text.plist.strings; name = uz; path = uz.lproj/Localizable.strings; sourceTree = "<group>"; };
		EDD4594ADF522CD5EB9CC29A /* Info.plist */ = {isa = PBXFileReference; lastKnownFileType = text.plist; path = Info.plist; sourceTree = "<group>"; };
		EE5059CB7695B1358A8AC465 /* DeviceAppLockSyncCoordinator.swift */ = {isa = PBXFileReference; lastKnownFileType = sourcecode.swift; path = DeviceAppLockSyncCoordinator.swift; sourceTree = "<group>"; };
		EFDAC27DF29466EDA313D2C5 /* String+Formatting.swift */ = {isa = PBXFileReference; lastKnownFileType = sourcecode.swift; path = "String+Formatting.swift"; sourceTree = "<group>"; };
		F1A0B1C2D3E4F50617283942 /* SmartOilaKidsTests.xctest */ = {isa = PBXFileReference; explicitFileType = wrapper.cfbundle; includeInIndex = 0; path = SmartOilaKidsTests.xctest; sourceTree = BUILT_PRODUCTS_DIR; };
		F1A0B1C2D3E4F50617283943 /* NetworkErrorRetryPolicyTests.swift */ = {isa = PBXFileReference; lastKnownFileType = sourcecode.swift; path = NetworkErrorRetryPolicyTests.swift; sourceTree = "<group>"; };
		F1A0B1C2D3E4F50617283951 /* QueueCoordinatorTests.swift */ = {isa = PBXFileReference; lastKnownFileType = sourcecode.swift; path = QueueCoordinatorTests.swift; sourceTree = "<group>"; };
		F1A0B1C2D3E4F50617283953 /* SmartOilaKidsCoreUnitTests.swift */ = {isa = PBXFileReference; lastKnownFileType = sourcecode.swift; path = SmartOilaKidsCoreUnitTests.swift; sourceTree = "<group>"; };
		F1A0B1C2D3E4F50617283965 /* DeviceLockCoordinatorTests.swift */ = {isa = PBXFileReference; lastKnownFileType = sourcecode.swift; path = DeviceLockCoordinatorTests.swift; sourceTree = "<group>"; };
		F1A0B1C2D3E4F50617283967 /* DeviceAppLimitMonitorControllerTests.swift */ = {isa = PBXFileReference; lastKnownFileType = sourcecode.swift; path = DeviceAppLimitMonitorControllerTests.swift; sourceTree = "<group>"; };
		F1A0B1C2D3E4F50617283969 /* DeviceLockScheduleMonitorControllerTests.swift */ = {isa = PBXFileReference; lastKnownFileType = sourcecode.swift; path = DeviceLockScheduleMonitorControllerTests.swift; sourceTree = "<group>"; };
		F1A0B1C2D3E4F50617283971 /* DeviceLockShieldControllerTests.swift */ = {isa = PBXFileReference; lastKnownFileType = sourcecode.swift; path = DeviceLockShieldControllerTests.swift; sourceTree = "<group>"; };
		F1A0B1C2D3E4F506172839A1 /* SettingsProtectionControllerTests.swift */ = {isa = PBXFileReference; lastKnownFileType = sourcecode.swift; path = SettingsProtectionControllerTests.swift; sourceTree = "<group>"; };
		F1A0B1C2D3E4F506172839A3 /* BolajonHomeViewModelTests.swift */ = {isa = PBXFileReference; lastKnownFileType = sourcecode.swift; path = BolajonHomeViewModelTests.swift; sourceTree = "<group>"; };
		F1A0B1C2D3E4F50617283A02 /* OilaDeviceClientTests.swift */ = {isa = PBXFileReference; lastKnownFileType = sourcecode.swift; path = OilaDeviceClientTests.swift; sourceTree = "<group>"; };
		F1A0B1C2D3E4F506172839A5 /* BolajonPermissionChecklistTests.swift */ = {isa = PBXFileReference; lastKnownFileType = sourcecode.swift; path = BolajonPermissionChecklistTests.swift; sourceTree = "<group>"; };
		F3642A198E04D3C7E8388312 /* ru */ = {isa = PBXFileReference; lastKnownFileType = text.plist.strings; name = ru; path = ru.lproj/InfoPlist.strings; sourceTree = "<group>"; };
		F3856E652D5D319DC95A00A3 /* AppConfig.swift */ = {isa = PBXFileReference; lastKnownFileType = sourcecode.swift; path = AppConfig.swift; sourceTree = "<group>"; };
		F3A477DC58268B911BE8094F /* ActivityShareSheet.swift */ = {isa = PBXFileReference; lastKnownFileType = sourcecode.swift; path = ActivityShareSheet.swift; sourceTree = "<group>"; };
		F3AE0F8316C44BC78E962C07 /* SmartOilaKidsUsageReportExtension.swift */ = {isa = PBXFileReference; lastKnownFileType = sourcecode.swift; path = SmartOilaKidsUsageReportExtension.swift; sourceTree = "<group>"; };
		F3EC448F6E28C731606F52D2 /* DeviceApplicationRemovalAttemptCoordinator.swift */ = {isa = PBXFileReference; lastKnownFileType = sourcecode.swift; path = DeviceApplicationRemovalAttemptCoordinator.swift; sourceTree = "<group>"; };
		F3F053E4C25DD32A0EE0D609 /* OilaDeviceAPI.swift */ = {isa = PBXFileReference; lastKnownFileType = sourcecode.swift; path = OilaDeviceAPI.swift; sourceTree = "<group>"; };
		FCBB1073C8D888EFA17C2397 /* uz */ = {isa = PBXFileReference; lastKnownFileType = text.plist.strings; name = uz; path = uz.lproj/InfoPlist.strings; sourceTree = "<group>"; };
/* End PBXFileReference section */

/* Begin PBXGroup section */
		16B10C18D05E8920F64AC61F /* Tasks */ = {
			isa = PBXGroup;
			children = (
				C678BBB83DEE8F99F76A03EE /* BolajonTasksView.swift */,
			);
			path = Tasks;
			sourceTree = "<group>";
		};
		1C0B6D85899BFBB8B1E0481E /* Config */ = {
			isa = PBXGroup;
			children = (
				F3856E652D5D319DC95A00A3 /* AppConfig.swift */,
				2DB0F3F3272023EF43F5CF64 /* AppInviteAttribution.swift */,
				7D6EA548F1CF7F9E1A410269 /* AppRuntime.swift */,
				D616AA2DBAE5C7A3E9BBC183 /* LoadPhase.swift */,
				3AA203AA13030A6560B31897 /* RuntimeDiagnosticsCenter.swift */,
			);
			path = Config;
			sourceTree = "<group>";
		};
		1C454AAD40464E05A0321D36 /* SmartOilaKidsUsageReportExtension */ = {
			isa = PBXGroup;
			children = (
				F3AE0F8316C44BC78E962C07 /* SmartOilaKidsUsageReportExtension.swift */,
				2F6A7F416F8F47B5A633F74E /* SmartOilaUsageReport.swift */,
				BF6C933CA55D47C1BE4CB81B /* SmartOilaUsageReportView.swift */,
				C9624025CFAF4D5BB40E0534 /* Info.plist */,
				6F2B0DC3B30C434F83993B11 /* SmartOilaKidsUsageReportExtension.entitlements */,
			);
			path = SmartOilaKidsUsageReportExtension;
			sourceTree = "<group>";
		};
		277015A331DCDE45AAED27E4 = {
			isa = PBXGroup;
			children = (
				3259826AA2818E7D2DAA8C16 /* Shared */,
				72A82078E66BE4CC33084B37 /* SmartOilaKids */,
				1C454AAD40464E05A0321D36 /* SmartOilaKidsUsageReportExtension */,
				87DBFEFC58E64E618B8FA3B3 /* SmartOilaKidsScheduleMonitorExtension */,
				F1A0B1C2D3E4F50617283944 /* SmartOilaKidsTests */,
				636D6521AAF7E23CDDCA2C68 /* Products */,
			);
			sourceTree = "<group>";
		};
		3259826AA2818E7D2DAA8C16 /* Shared */ = {
			isa = PBXGroup;
			children = (
				3759284A6614AE980D5F50F0 /* DeviceAppLimits */,
				DE9E5370C750342ED9E36AEA /* DeviceLockSchedule */,
				9B1763B1E02BE42B5917AB9B /* ScreenTimeUsage */,
			);
			path = Shared;
			sourceTree = "<group>";
		};
		3759284A6614AE980D5F50F0 /* DeviceAppLimits */ = {
			isa = PBXGroup;
			children = (
				8F30C4E774EB78FB3C02B179 /* DeviceAppLimitSharedStore.swift */,
			);
			path = DeviceAppLimits;
			sourceTree = "<group>";
		};
		3E03735065DC03F627761AD7 /* Resources */ = {
			isa = PBXGroup;
			children = (
				E35F67AF2A306DA50B1B2381 /* Assets.xcassets */,
				D8B09FD21FF4C58F2F63BA40 /* PrivacyInfo.xcprivacy */,
				EDD4594ADF522CD5EB9CC29A /* Info.plist */,
				0C39B2B99B81F60FCF4C0283 /* SmartOilaKids.entitlements */,
				8542E50D711B89214486D329 /* Localization */,
			);
			path = Resources;
			sourceTree = "<group>";
		};
		3E56C91D3D5260BD667E8B4B /* Lock */ = {
			isa = PBXGroup;
			children = (
				CE9548B0248BF51FB0A4C40A /* DeviceApplicationLockPayloadParser.swift */,
				85A42DCFCDDCD21E9CB47D23 /* DeviceApplicationLockWebSocketService.swift */,
				F3EC448F6E28C731606F52D2 /* DeviceApplicationRemovalAttemptCoordinator.swift */,
				C45ED121A102053D74358C91 /* DeviceApplicationStateService.swift */,
				611DF2DB1B84CE6845E61F65 /* DeviceAppLimitMonitorController.swift */,
				488D9F572931817683B921E7 /* DeviceAppLimitService.swift */,
				000EB148968CDFEE38501FBC /* DeviceAppLockSelectionStore.swift */,
				EE5059CB7695B1358A8AC465 /* DeviceAppLockSyncCoordinator.swift */,
				E7D7F84A76FF9C6414AEDBB7 /* DeviceGlobalLockPayloadParser.swift */,
				8D01FDFCD84E6D7555D3BFCA /* DeviceLockCoordinator.swift */,
				B6299D7514F1C609FFA8BCAB /* DeviceLockModels.swift */,
				D119B18D174C7731B54000FC /* DeviceLockScheduleMonitorController.swift */,
				98D120F82B2D862255E144CE /* DeviceLockService.swift */,
				2AC9CC208A8592E5CAE0921D /* DeviceLockShieldController.swift */,
				B156D03B8A8CFF9B5F3A42FE /* DeviceLockWebSocketService.swift */,
				083AE2B30276D09934C7C631 /* ScreenTimeAuthorizationManager.swift */,
				32BC1A002F69914E00B088F7 /* DeviceApplicationsSyncWebSocketService.swift */,
			);
			path = Lock;
			sourceTree = "<group>";
		};
		4AA5339A6BBCC84515881AAD /* Usage */ = {
			isa = PBXGroup;
			children = (
				AA8AAD15D93BEA1AEC4822E4 /* DeviceApplicationUsageReportCoordinator.swift */,
				1D9E55F392A6E47D99AA4BE7 /* ScreenTimeUsageActivitySummary.swift */,
				AA8AAD14D93BEA1AEC4822E4 /* ScreenTimeUsageCoordinator.swift */,
				50786F23B965A8D8ECF485A8 /* ScreenTimeUsageReportBridgeView.swift */,
			);
			path = Usage;
			sourceTree = "<group>";
		};
		5D62E1ADB111B2D869E35122 /* Main */ = {
			isa = PBXGroup;
			children = (
				AE0BB44306A2070B7F7C6FDD /* BolajonHomeView.swift */,
			);
			path = Main;
			sourceTree = "<group>";
		};
		600A8AED1619799B7074185D /* Settings */ = {
			isa = PBXGroup;
			children = (
				38A09C3F9BEAB5F94EAA672B /* SettingsDiagnosticsValueMapper.swift */,
				960DB08C9B3AA4CDF8B04423 /* BolajonSettingsView.swift */,
			);
			path = Settings;
			sourceTree = "<group>";
		};
		636D6521AAF7E23CDDCA2C68 /* Products */ = {
			isa = PBXGroup;
			children = (
				4D0BC0423D576553D183CB83 /* SmartOilaKids.app */,
				79329B526E874CA7A0FFC10C /* SmartOilaKidsUsageReportExtension.appex */,
				3F046CE501D64E17BB552F1A /* SmartOilaKidsScheduleMonitorExtension.appex */,
				F1A0B1C2D3E4F50617283942 /* SmartOilaKidsTests.xctest */,
			);
			name = Products;
			sourceTree = "<group>";
		};
		66EDD309FE1D599BA9C5D46F /* Auth */ = {
			isa = PBXGroup;
			children = (
				46F7A500D8401E5F9A6077D1 /* BolajonSetupFlowView.swift */,
			);
			path = Auth;
			sourceTree = "<group>";
		};
		683624BDED461EF2C0E928CD /* Core */ = {
			isa = PBXGroup;
			children = (
				1C0B6D85899BFBB8B1E0481E /* Config */,
				B3709C0DC79D9CDC0AF3735C /* Localization */,
				3E56C91D3D5260BD667E8B4B /* Lock */,
				C1555C3164EF0C23E9D187FC /* Networking */,
				B6B434DC74D447F3371CF870 /* Notifications */,
				C485208B51F45B66DE07EE6D /* Security */,
				9AC95EE7A705614E14CD50F1 /* Storage */,
				4AA5339A6BBCC84515881AAD /* Usage */,
				F4E300A486B52081F6F555E7 /* Utils */,
			);
			path = Core;
			sourceTree = "<group>";
		};
		72A82078E66BE4CC33084B37 /* SmartOilaKids */ = {
			isa = PBXGroup;
			children = (
				D4AB63EB01CEAB8CCC9B2E4F /* App */,
				683624BDED461EF2C0E928CD /* Core */,
				F0A26969C43154E9BEB567EE /* DesignSystem */,
				D58ADB73E84E2109E21463C9 /* Features */,
				3E03735065DC03F627761AD7 /* Resources */,
				D84A1836C3BA2BE2CB75A73F /* Shared */,
			);
			path = SmartOilaKids;
			sourceTree = "<group>";
		};
		8542E50D711B89214486D329 /* Localization */ = {
			isa = PBXGroup;
			children = (
				773C5143FC368E6B3FA28423 /* InfoPlist.strings */,
				7D441635799ADCD5BD105D19 /* Localizable.strings */,
			);
			path = Localization;
			sourceTree = "<group>";
		};
		87DBFEFC58E64E618B8FA3B3 /* SmartOilaKidsScheduleMonitorExtension */ = {
			isa = PBXGroup;
			children = (
				85956B25DDB545FE94EF8499 /* SmartOilaKidsDeviceActivityMonitorExtension.swift */,
				9BE5577AC7D949BB8D31E0B3 /* Info.plist */,
				E9F06F9BD5EC4846BBEB1E43 /* SmartOilaKidsScheduleMonitorExtension.entitlements */,
			);
			path = SmartOilaKidsScheduleMonitorExtension;
			sourceTree = "<group>";
		};
		9AC95EE7A705614E14CD50F1 /* Storage */ = {
			isa = PBXGroup;
			children = (
				1842BC9A7B725383EAF19B63 /* AppPreferences.swift */,
				AB1969F4FA44EB2A77CA5084 /* DSNScopedStorage.swift */,
				6FBD506491C43954D10DF0D6 /* GrowthMetricsStore.swift */,
				3D4C3390ED8335A9549C15E1 /* SecureTokenStore.swift */,
				6D85B2EFE2C0DE9B65976354 /* SessionStore.swift */,
			);
			path = Storage;
			sourceTree = "<group>";
		};
		9B1763B1E02BE42B5917AB9B /* ScreenTimeUsage */ = {
			isa = PBXGroup;
			children = (
				6B23147D0A5327CED850D5FA /* ScreenTimeUsageAppGroup.swift */,
				C4C1A8005C2E6130F0254562 /* ScreenTimeUsageSharedModels.swift */,
				78414B2658CB70EDE6CCD52B /* ScreenTimeUsageSharedStore.swift */,
			);
			path = ScreenTimeUsage;
			sourceTree = "<group>";
		};
		B3709C0DC79D9CDC0AF3735C /* Localization */ = {
			isa = PBXGroup;
			children = (
				41D40E74ED4CC61BE7C6A0B2 /* L10n.swift */,
				E7B4F0D31A9C4E6582B17F02 /* ProductFallbackText.swift */,
			);
			path = Localization;
			sourceTree = "<group>";
		};
		B6B434DC74D447F3371CF870 /* Notifications */ = {
			isa = PBXGroup;
			children = (
				20547D1D3DB7FEC2DDCFBDB4 /* DeviceControlEventBridge.swift */,
				CA294B762F324E710755FF2E /* DeviceControlIntegrityNotifier.swift */,
				80AC7AE910384F475050947C /* DeviceControlRecoveryNotifier.swift */,
				431DBC98997C4C755E64823D /* PushCommandPayload.swift */,
				07FF2F04EB7460062D6EF53B /* PushCommandRouter.swift */,
				9875708CE038752BC580714F /* PushCommandRouter+Parsing.swift */,
				C1E438381115ACFD35C54E19 /* PushDeepLinkStore.swift */,
				A9330607ECABFAFCD014BA56 /* PushInboxStore.swift */,
				E381C1C47BEBF468020D9CF3 /* PushInboxStore+Mutations.swift */,
				CE1622297DBE6E8EBC5D18CF /* PushInboxStore+Read.swift */,
				40AADA7374238CB71F090936 /* PushInboxStore+Storage.swift */,
				D67CB8ABD9F08930576D52B8 /* PushNotifications.swift */,
				2567114AF6B224317CA7ACFF /* PushNotificationTypes.swift */,
				6CC4D449391970DCABF65CC0 /* SmartOilaKidsAppDelegate.swift */,
			);
			path = Notifications;
			sourceTree = "<group>";
		};
		C1555C3164EF0C23E9D187FC /* Networking */ = {
			isa = PBXGroup;
			children = (
				F3F053E4C25DD32A0EE0D609 /* OilaDeviceAPI.swift */,
				717167572124BB3D730729A1 /* OilaTelemetryService.swift */,
				E9C8610E862B6B9260CC2085 /* HTTPMethod.swift */,
				E7613A83E34A4278DABAA4E3 /* NetworkError.swift */,
			);
			path = Networking;
			sourceTree = "<group>";
		};
		C485208B51F45B66DE07EE6D /* Security */ = {
			isa = PBXGroup;
			children = (
				D1315ADC2572DD71C45627D5 /* SettingsProtectionController.swift */,
			);
			path = Security;
			sourceTree = "<group>";
		};
		D4AB63EB01CEAB8CCC9B2E4F /* App */ = {
			isa = PBXGroup;
			children = (
				606CE5F9A5B49E4E586E2DDA /* DeviceLockOverlay.swift */,
				1A91856886268BFE3E002F1F /* RootView.swift */,
				5B3FFE1159A9637FFBA1F1AE /* RootView+Lifecycle.swift */,
				A8CB88E59DE6518D215B75D0 /* RootView+PushHandling.swift */,
				8CCA4C0A698412F1F9833440 /* RootView+Routing.swift */,
				3CDB01AA9B7B68ABB29FECE2 /* SmartOilaKidsApp.swift */,
			);
			path = App;
			sourceTree = "<group>";
		};
		D58ADB73E84E2109E21463C9 /* Features */ = {
			isa = PBXGroup;
			children = (
				66EDD309FE1D599BA9C5D46F /* Auth */,
				5D62E1ADB111B2D869E35122 /* Main */,
				F9EFC7D5BC90296C513DCEBB /* Permissions */,
				600A8AED1619799B7074185D /* Settings */,
				16B10C18D05E8920F64AC61F /* Tasks */,
			);
			path = Features;
			sourceTree = "<group>";
		};
		D84A1836C3BA2BE2CB75A73F /* Shared */ = {
			isa = PBXGroup;
			children = (
				FABE38EC3F4AF9CDC4E8200A /* UI */,
			);
			path = Shared;
			sourceTree = "<group>";
		};
		DE9E5370C750342ED9E36AEA /* DeviceLockSchedule */ = {
			isa = PBXGroup;
			children = (
				31CB267462E8296CE7B50CDD /* DeviceControlEventSharedStore.swift */,
				95B0CE9BBF7416A3F9A8EF7A /* DeviceLockScheduleSupport.swift */,
			);
			path = DeviceLockSchedule;
			sourceTree = "<group>";
		};
		F0A26969C43154E9BEB567EE /* DesignSystem */ = {
			isa = PBXGroup;
			children = (
				B4C6C570B71E54A7F777CB04 /* AppColors.swift */,
				902BD06432A3F2707A5BF113 /* AppTypography.swift */,
			);
			path = DesignSystem;
			sourceTree = "<group>";
		};
		F1A0B1C2D3E4F50617283944 /* SmartOilaKidsTests */ = {
			isa = PBXGroup;
			children = (
				F1A0B1C2D3E4F50617283967 /* DeviceAppLimitMonitorControllerTests.swift */,
				F1A0B1C2D3E4F50617283965 /* DeviceLockCoordinatorTests.swift */,
				F1A0B1C2D3E4F50617283969 /* DeviceLockScheduleMonitorControllerTests.swift */,
				F1A0B1C2D3E4F50617283971 /* DeviceLockShieldControllerTests.swift */,
				F1A0B1C2D3E4F50617283943 /* NetworkErrorRetryPolicyTests.swift */,
				F1A0B1C2D3E4F50617283951 /* QueueCoordinatorTests.swift */,
				F1A0B1C2D3E4F50617283953 /* SmartOilaKidsCoreUnitTests.swift */,
				F1A0B1C2D3E4F506172839A1 /* SettingsProtectionControllerTests.swift */,
				F1A0B1C2D3E4F506172839A3 /* BolajonHomeViewModelTests.swift */,
				F1A0B1C2D3E4F50617283A02 /* OilaDeviceClientTests.swift */,
				F1A0B1C2D3E4F506172839A5 /* BolajonPermissionChecklistTests.swift */,
			);
			path = SmartOilaKidsTests;
			sourceTree = "<group>";
		};
		F4E300A486B52081F6F555E7 /* Utils */ = {
			isa = PBXGroup;
			children = (
				83B26323909457D23552B64D /* Date+Formatting.swift */,
				EFDAC27DF29466EDA313D2C5 /* String+Formatting.swift */,
			);
			path = Utils;
			sourceTree = "<group>";
		};
		F9EFC7D5BC90296C513DCEBB /* Permissions */ = {
			isa = PBXGroup;
			children = (
				042E76FA3DD6014AFC4F2B4A /* BolajonPermissionsFlowView.swift */,
				1242F15864F04C95AF65E92C /* LocationPermissionManager.swift */,
				06DAEF47AD8DBAF461964045 /* LocationPermissionManager+Actions.swift */,
				37CE1F79AD1D30E842792DAF /* LocationPermissionManager+Evaluation.swift */,
				646FB75A4701166CE156BEE6 /* LocationPermissionManager+Observation.swift */,
				905F42DACE8A0D7E411277EE /* PermissionChecklistEvaluator.swift */,
				406257A2E792217E0DA9B72A /* PermissionRequirement.swift */,
				B6686EB0A6F26CDBAD6ABC37 /* PermissionStatusSnapshot.swift */,
			);
			path = Permissions;
			sourceTree = "<group>";
		};
		FABE38EC3F4AF9CDC4E8200A /* UI */ = {
			isa = PBXGroup;
			children = (
				F3A477DC58268B911BE8094F /* ActivityShareSheet.swift */,
				2425C8628135185130E301B7 /* AppHaptics.swift */,
				013D3C6FA475C294D974034B /* ChildChromeActions.swift */,
				59E627ECB6EBB0A790D11AF5 /* BolajonKit.swift */,
				9B35C83F2A4F548512EB20FB /* ChildChromeBranding.swift */,
				6B3F19AEC0C6D1D3132D54D1 /* ChildChromeNavigation.swift */,
				40F3C7A1FA531F104D26A2AD /* ChildChromeSurface.swift */,
			);
			path = UI;
			sourceTree = "<group>";
		};
/* End PBXGroup section */

/* Begin PBXNativeTarget section */
		92844C8577B27B0138F9A882 /* SmartOilaKids */ = {
			isa = PBXNativeTarget;
			buildConfigurationList = 4706FBD956A243CB5168CB9F /* Build configuration list for PBXNativeTarget "SmartOilaKids" */;
			buildPhases = (
				EEA838EAC925999ADC328F04 /* Sources */,
				28887B92E3F6E1CFF7D811DA /* Resources */,
			);
			buildRules = (
			);
			dependencies = (
			);
			name = SmartOilaKids;
			packageProductDependencies = (
			);
			productName = SmartOilaKids;
			productReference = 4D0BC0423D576553D183CB83 /* SmartOilaKids.app */;
			productType = "com.apple.product-type.application";
		};
		D7FAB55786594D5A927B96E4 /* SmartOilaKidsUsageReportExtension */ = {
			isa = PBXNativeTarget;
			buildConfigurationList = 5D15E3D4B83144709B4A6609 /* Build configuration list for PBXNativeTarget "SmartOilaKidsUsageReportExtension" */;
			buildPhases = (
				9F0F610DF1124227956C1DF1 /* Sources */,
				D82C186C479D4647B0838E96 /* Resources */,
			);
			buildRules = (
			);
			dependencies = (
			);
			name = SmartOilaKidsUsageReportExtension;
			packageProductDependencies = (
			);
			productName = SmartOilaKidsUsageReportExtension;
			productReference = 79329B526E874CA7A0FFC10C /* SmartOilaKidsUsageReportExtension.appex */;
			productType = "com.apple.product-type.extensionkit-extension";
		};
		F1A0B1C2D3E4F50617283946 /* SmartOilaKidsTests */ = {
			isa = PBXNativeTarget;
			buildConfigurationList = F1A0B1C2D3E4F5061728394C /* Build configuration list for PBXNativeTarget "SmartOilaKidsTests" */;
			buildPhases = (
				F1A0B1C2D3E4F50617283948 /* Sources */,
				F1A0B1C2D3E4F50617283947 /* Resources */,
			);
			buildRules = (
			);
			dependencies = (
				F1A0B1C2D3E4F50617283949 /* PBXTargetDependency */,
			);
			name = SmartOilaKidsTests;
			packageProductDependencies = (
			);
			productName = SmartOilaKidsTests;
			productReference = F1A0B1C2D3E4F50617283942 /* SmartOilaKidsTests.xctest */;
			productType = "com.apple.product-type.bundle.unit-test";
		};
		FC18D17BD5B7480387B00D20 /* SmartOilaKidsScheduleMonitorExtension */ = {
			isa = PBXNativeTarget;
			buildConfigurationList = 3A1916603E6F4D1BAF62FF3B /* Build configuration list for PBXNativeTarget "SmartOilaKidsScheduleMonitorExtension" */;
			buildPhases = (
				74C668DDF1D44CEBADBAF1C0 /* Sources */,
				016FEE1A47E64DDB987343BB /* Resources */,
			);
			buildRules = (
			);
			dependencies = (
			);
			name = SmartOilaKidsScheduleMonitorExtension;
			packageProductDependencies = (
			);
			productName = SmartOilaKidsScheduleMonitorExtension;
			productReference = 3F046CE501D64E17BB552F1A /* SmartOilaKidsScheduleMonitorExtension.appex */;
			productType = "com.apple.product-type.app-extension";
		};
/* End PBXNativeTarget section */

/* Begin PBXProject section */
		2A1B11DB51DD89B22A0A6A7A /* Project object */ = {
			isa = PBXProject;
			attributes = {
				BuildIndependentTargetsInParallel = YES;
				LastUpgradeCheck = 1430;
				TargetAttributes = {
					D7FAB55786594D5A927B96E4 = {
						DevelopmentTeam = 3TWN5NW4BL;
					};
					F1A0B1C2D3E4F50617283946 = {
						DevelopmentTeam = 3TWN5NW4BL;
						TestTargetID = 92844C8577B27B0138F9A882;
					};
					FC18D17BD5B7480387B00D20 = {
						DevelopmentTeam = 3TWN5NW4BL;
					};
				};
			};
			buildConfigurationList = BC30E4F170F517F6C818ED4F /* Build configuration list for PBXProject "SmartOilaKids" */;
			developmentRegion = en;
			hasScannedForEncodings = 0;
			knownRegions = (
				Base,
				en,
				ru,
				uz,
			);
			mainGroup = 277015A331DCDE45AAED27E4;
			minimizedProjectReferenceProxies = 1;
			preferredProjectObjectVersion = 77;
			projectDirPath = "";
			projectRoot = "";
			targets = (
				92844C8577B27B0138F9A882 /* SmartOilaKids */,
				D7FAB55786594D5A927B96E4 /* SmartOilaKidsUsageReportExtension */,
				FC18D17BD5B7480387B00D20 /* SmartOilaKidsScheduleMonitorExtension */,
				F1A0B1C2D3E4F50617283946 /* SmartOilaKidsTests */,
			);
		};
/* End PBXProject section */

/* Begin PBXResourcesBuildPhase section */
		016FEE1A47E64DDB987343BB /* Resources */ = {
			isa = PBXResourcesBuildPhase;
			buildActionMask = 2147483647;
			files = (
			);
			runOnlyForDeploymentPostprocessing = 0;
		};
		28887B92E3F6E1CFF7D811DA /* Resources */ = {
			isa = PBXResourcesBuildPhase;
			buildActionMask = 2147483647;
			files = (
				033D503AA7D778345ABFFFE1 /* Assets.xcassets in Resources */,
				FF95F66EA06BAC5CB2DD5F18 /* PrivacyInfo.xcprivacy in Resources */,
				A40E9E9756993DEA0DB04A4D /* InfoPlist.strings in Resources */,
				1369F7E2A3CC99F3D2B4F0BF /* Localizable.strings in Resources */,
			);
			runOnlyForDeploymentPostprocessing = 0;
		};
		D82C186C479D4647B0838E96 /* Resources */ = {
			isa = PBXResourcesBuildPhase;
			buildActionMask = 2147483647;
			files = (
			);
			runOnlyForDeploymentPostprocessing = 0;
		};
		F1A0B1C2D3E4F50617283947 /* Resources */ = {
			isa = PBXResourcesBuildPhase;
			buildActionMask = 2147483647;
			files = (
			);
			runOnlyForDeploymentPostprocessing = 0;
		};
/* End PBXResourcesBuildPhase section */

/* Begin PBXSourcesBuildPhase section */
		74C668DDF1D44CEBADBAF1C0 /* Sources */ = {
			isa = PBXSourcesBuildPhase;
			buildActionMask = 2147483647;
			files = (
				C0E98A711DFE4543A7BA3C20 /* SmartOilaKidsDeviceActivityMonitorExtension.swift in Sources */,
				B1346442FED346C1AE4965C6 /* DeviceAppLimitSharedStore.swift in Sources */,
				21CD5BDD52E44B109A0B7C87 /* DeviceControlEventSharedStore.swift in Sources */,
				3C465EFD824F4F06990EA633 /* DeviceLockScheduleSupport.swift in Sources */,
			);
			runOnlyForDeploymentPostprocessing = 0;
		};
		9F0F610DF1124227956C1DF1 /* Sources */ = {
			isa = PBXSourcesBuildPhase;
			buildActionMask = 2147483647;
			files = (
				A473F051843443EE93423757 /* SmartOilaKidsUsageReportExtension.swift in Sources */,
				4E0C31E83F3E48D0964937D2 /* SmartOilaUsageReport.swift in Sources */,
				EB85C6EA7609448E81B7CCEE /* SmartOilaUsageReportView.swift in Sources */,
				942E3A223251455EACACA6F1 /* ScreenTimeUsageAppGroup.swift in Sources */,
				1BAA26AFBC94468B99A31FED /* ScreenTimeUsageSharedModels.swift in Sources */,
				AB12EDC2467F4FE3AEBB40B0 /* ScreenTimeUsageSharedStore.swift in Sources */,
			);
			runOnlyForDeploymentPostprocessing = 0;
		};
		EEA838EAC925999ADC328F04 /* Sources */ = {
			isa = PBXSourcesBuildPhase;
			buildActionMask = 2147483647;
			files = (
				22BCEF732C10225235B04EF9 /* OilaDeviceAPI.swift in Sources */,
				069D602F38322AC0DCE61523 /* OilaTelemetryService.swift in Sources */,
				50B88251B0431D3F098B7EF5 /* ActivityShareSheet.swift in Sources */,
				1802E26A36C0451F1831F065 /* AppColors.swift in Sources */,
				BD96FDE910D0B24E8DF6AD59 /* AppConfig.swift in Sources */,
				156A236D65155CD1D4381BC4 /* AppHaptics.swift in Sources */,
				7DC90862449C3EF32CF0F725 /* AppInviteAttribution.swift in Sources */,
				A9545578A313D0B44FA87613 /* AppPreferences.swift in Sources */,
				1882771C7296B1B31B33E5C0 /* AppRuntime.swift in Sources */,
				CC3DCFC38FAF38F886C60468 /* AppTypography.swift in Sources */,
				32BC1A012F69914E00B088F7 /* DeviceApplicationsSyncWebSocketService.swift in Sources */,
				FF806ACDBEC29C4B36E57780 /* BolajonSetupFlowView.swift in Sources */,
				5504157A28114BB4438D18D8 /* ChildChromeActions.swift in Sources */,
				D8B0CDCCA4DD43B16B6FF5D6 /* BolajonKit.swift in Sources */,
				C381EAF82D8031A6DE4E1FE2 /* ChildChromeBranding.swift in Sources */,
				B15E91A197BAF88553BFD699 /* ChildChromeNavigation.swift in Sources */,
				ECC22AFC4531692F70339B49 /* ChildChromeSurface.swift in Sources */,
				A8C22CCB8D0AAC0E889FF8BB /* DSNScopedStorage.swift in Sources */,
				5A97564782C38B4656C7525D /* Date+Formatting.swift in Sources */,
				4D835BC4403A3627B4CD5564 /* DeviceAppLimitMonitorController.swift in Sources */,
				641A8CF0BF72452F4485E701 /* DeviceAppLimitService.swift in Sources */,
				531DBA02ECAF66E56CDD03D3 /* DeviceAppLimitSharedStore.swift in Sources */,
				ABDC972206A0DD1BA72347C4 /* DeviceAppLockSelectionStore.swift in Sources */,
				625127CEBE170750BC8BDC8E /* DeviceAppLockSyncCoordinator.swift in Sources */,
				FEA4706D43796BAF3BF44289 /* DeviceApplicationLockPayloadParser.swift in Sources */,
				5A602650DBEEF54F0661A7EA /* DeviceApplicationLockWebSocketService.swift in Sources */,
				DD5C6FD4B4F17FDE7FECC2CA /* DeviceApplicationRemovalAttemptCoordinator.swift in Sources */,
				4B4E1FF589C595FD088F8B62 /* DeviceApplicationStateService.swift in Sources */,
				DFF8E9E8A7FB4B1A9393BDC1 /* DeviceControlEventBridge.swift in Sources */,
				6B4971FF763DA73DA6DA8EF5 /* DeviceControlEventSharedStore.swift in Sources */,
				71A59BA0288247CD5A37B313 /* DeviceControlIntegrityNotifier.swift in Sources */,
				A88641B7F9CD0A50083576B3 /* DeviceControlRecoveryNotifier.swift in Sources */,
				E869FC25FABA547134DDBABE /* DeviceGlobalLockPayloadParser.swift in Sources */,
				1B6F7C60D4C4D1BC1EFA8072 /* DeviceLockCoordinator.swift in Sources */,
				526DDB581801D3C763C6AFE0 /* DeviceLockModels.swift in Sources */,
				AEFC4A423E96D6F5343B9947 /* DeviceLockOverlay.swift in Sources */,
				7035D0F4DFA51CF3C677B465 /* DeviceLockScheduleMonitorController.swift in Sources */,
				350DE396F3550391AF1F3E17 /* DeviceLockScheduleSupport.swift in Sources */,
				8C1B6ED634A4E71A01A4EC75 /* DeviceLockService.swift in Sources */,
				37760941AA63006820D7BAE9 /* DeviceLockShieldController.swift in Sources */,
				5C29D76513395FB5680C999B /* DeviceLockWebSocketService.swift in Sources */,
				1A00661240F9B180A7A30B42 /* BolajonPermissionsFlowView.swift in Sources */,
				A0F60B1A41788C79F4ED1A0B /* GrowthMetricsStore.swift in Sources */,
				F616424CC01DE567EE1A1EBE /* HTTPMethod.swift in Sources */,
				CF094EFE3B06048BBA6C907E /* L10n.swift in Sources */,
				E7B4F0D31A9C4E6582B17F01 /* ProductFallbackText.swift in Sources */,
				F8D5039166D5E3FFDFA908D5 /* LoadPhase.swift in Sources */,
				1F04535F37389556606E0126 /* LocationPermissionManager+Actions.swift in Sources */,
				9299DB75CBBFFFB8A60E222C /* LocationPermissionManager+Evaluation.swift in Sources */,
				5BF7B3C886CE178FFD227EBD /* LocationPermissionManager+Observation.swift in Sources */,
				72F6D3C5E18214B1604AD294 /* LocationPermissionManager.swift in Sources */,
				C85F8BC5229FDB43AE443559 /* BolajonHomeView.swift in Sources */,
				F11DBEA0585748DF16A3D3F4 /* NetworkError.swift in Sources */,
				E0B997DFBFA98D1D8905B1BC /* PermissionChecklistEvaluator.swift in Sources */,
				22E7F6EB6E023F4549FC91F0 /* PermissionRequirement.swift in Sources */,
				46A8F0403F7C195BE3D999A2 /* PermissionStatusSnapshot.swift in Sources */,
				D725839CD0183AB79B948556 /* PushCommandPayload.swift in Sources */,
				E01ED3FE818B28F9CF2F4371 /* PushCommandRouter+Parsing.swift in Sources */,
				E7292B0E34273320673569EE /* PushCommandRouter.swift in Sources */,
				547C9284661457BD92FD3966 /* PushDeepLinkStore.swift in Sources */,
				213E610135A06A9976AA6C95 /* PushInboxStore+Mutations.swift in Sources */,
				A2C1636FFCFC84422D8EAD71 /* PushInboxStore+Read.swift in Sources */,
				8ED64CCFFAE40B0BEE6B018C /* PushInboxStore+Storage.swift in Sources */,
				A981309D438B4CAA82487FF5 /* PushInboxStore.swift in Sources */,
				CD93BE5694226779BF5707C9 /* PushNotificationTypes.swift in Sources */,
				D9ABF3504A530FBFBA013D5C /* PushNotifications.swift in Sources */,
				E2DC5C66717C3522752890B1 /* RootView+Lifecycle.swift in Sources */,
				DF0271E480148B80CC45FC12 /* RootView+PushHandling.swift in Sources */,
				09F30A0121B9AB650619C07A /* RootView+Routing.swift in Sources */,
				8B78823D7E8341F05B946819 /* RootView.swift in Sources */,
				A1BB0EC03DC37ED6656C144B /* RuntimeDiagnosticsCenter.swift in Sources */,
				98CADBC9DDB254BE59119ADD /* ScreenTimeAuthorizationManager.swift in Sources */,
				34E7EE4BAA5D64256E27662B /* ScreenTimeUsageActivitySummary.swift in Sources */,
				A151511ADA32FE25E7DF70A8 /* ScreenTimeUsageAppGroup.swift in Sources */,
				754174CE1B095C5878B7A610 /* DeviceApplicationUsageReportCoordinator.swift in Sources */,
				754174CD1B095C5878B7A610 /* ScreenTimeUsageCoordinator.swift in Sources */,
				ACF90C412AB10A271B7BDFBB /* ScreenTimeUsageReportBridgeView.swift in Sources */,
				588D71E3F79950E6A3546C98 /* ScreenTimeUsageSharedModels.swift in Sources */,
				9C7A2A347700F00EB29AED4D /* ScreenTimeUsageSharedStore.swift in Sources */,
				61B80B9F1BC6B50E2B10DED8 /* SecureTokenStore.swift in Sources */,
				02A2F11140840028AD044865 /* SessionStore.swift in Sources */,
				549053EC342E9E528DD2F8DC /* SettingsDiagnosticsValueMapper.swift in Sources */,
				AC66ED9A739886DD1535E3E5 /* SettingsProtectionController.swift in Sources */,
				6E27C030E7CD94583976FDFB /* BolajonSettingsView.swift in Sources */,
				A6BA458727297D7F159F02E1 /* SmartOilaKidsApp.swift in Sources */,
				E481746796087CE2A97D9062 /* SmartOilaKidsAppDelegate.swift in Sources */,
				B13A490B95DA82840D403B4E /* String+Formatting.swift in Sources */,
				8CE02FD96D67814C261FDBEE /* BolajonTasksView.swift in Sources */,
			);
			runOnlyForDeploymentPostprocessing = 0;
		};
		F1A0B1C2D3E4F50617283948 /* Sources */ = {
			isa = PBXSourcesBuildPhase;
			buildActionMask = 2147483647;
			files = (
				F1A0B1C2D3E4F50617283966 /* DeviceAppLimitMonitorControllerTests.swift in Sources */,
				F1A0B1C2D3E4F50617283964 /* DeviceLockCoordinatorTests.swift in Sources */,
				F1A0B1C2D3E4F50617283968 /* DeviceLockScheduleMonitorControllerTests.swift in Sources */,
				F1A0B1C2D3E4F50617283970 /* DeviceLockShieldControllerTests.swift in Sources */,
				F1A0B1C2D3E4F50617283940 /* NetworkErrorRetryPolicyTests.swift in Sources */,
				F1A0B1C2D3E4F50617283950 /* QueueCoordinatorTests.swift in Sources */,
				F1A0B1C2D3E4F50617283952 /* SmartOilaKidsCoreUnitTests.swift in Sources */,
				F1A0B1C2D3E4F506172839A0 /* SettingsProtectionControllerTests.swift in Sources */,
				F1A0B1C2D3E4F506172839A2 /* BolajonHomeViewModelTests.swift in Sources */,
				F1A0B1C2D3E4F50617283A01 /* OilaDeviceClientTests.swift in Sources */,
				F1A0B1C2D3E4F506172839A4 /* BolajonPermissionChecklistTests.swift in Sources */,
			);
			runOnlyForDeploymentPostprocessing = 0;
		};
/* End PBXSourcesBuildPhase section */

/* Begin PBXTargetDependency section */
		F1A0B1C2D3E4F50617283949 /* PBXTargetDependency */ = {
			isa = PBXTargetDependency;
			target = 92844C8577B27B0138F9A882 /* SmartOilaKids */;
			targetProxy = F1A0B1C2D3E4F50617283941 /* PBXContainerItemProxy */;
		};
/* End PBXTargetDependency section */

/* Begin PBXVariantGroup section */
		773C5143FC368E6B3FA28423 /* InfoPlist.strings */ = {
			isa = PBXVariantGroup;
			children = (
				D596D524F29FB461CB2E47DE /* en */,
				F3642A198E04D3C7E8388312 /* ru */,
				FCBB1073C8D888EFA17C2397 /* uz */,
			);
			name = InfoPlist.strings;
			sourceTree = "<group>";
		};
		7D441635799ADCD5BD105D19 /* Localizable.strings */ = {
			isa = PBXVariantGroup;
			children = (
				5067CE0B4251BE5369640F2A /* en */,
				34E10BC46EB1DB8C47CF72CD /* ru */,
				EB331ECB287E09881C1F8F48 /* uz */,
			);
			name = Localizable.strings;
			sourceTree = "<group>";
		};
/* End PBXVariantGroup section */

/* Begin XCBuildConfiguration section */
		10CF93DEB7724EFD99390308 /* Debug */ = {
			isa = XCBuildConfiguration;
			buildSettings = {
				APPLICATION_EXTENSION_API_ONLY = YES;
				CODE_SIGN_ENTITLEMENTS = SmartOilaKidsScheduleMonitorExtension/SmartOilaKidsScheduleMonitorExtension.entitlements;
				CODE_SIGN_STYLE = Automatic;
				CURRENT_PROJECT_VERSION = 6;
				DEVELOPMENT_TEAM = 3TWN5NW4BL;
				INFOPLIST_FILE = SmartOilaKidsScheduleMonitorExtension/Info.plist;
				IPHONEOS_DEPLOYMENT_TARGET = 16.0;
				LD_RUNPATH_SEARCH_PATHS = (
					"$(inherited)",
					"@executable_path/Frameworks",
					"@executable_path/../../Frameworks",
				);
				MARKETING_VERSION = 1.1;
				PRODUCT_BUNDLE_IDENTIFIER = "uz.smartoila.kids.schedule-monitor";
				PRODUCT_NAME = "$(TARGET_NAME)";
				PROVISIONING_PROFILE_SPECIFIER = "";
				SDKROOT = iphoneos;
				SKIP_INSTALL = YES;
				SWIFT_ACTIVE_COMPILATION_CONDITIONS = DEBUG;
				SWIFT_VERSION = 5.1;
				TARGETED_DEVICE_FAMILY = "1,2";
			};
			name = Debug;
		};
		27643A66E9D248AEA6501478 /* Release */ = {
			isa = XCBuildConfiguration;
			buildSettings = {
				APPLICATION_EXTENSION_API_ONLY = YES;
				CODE_SIGN_ENTITLEMENTS = SmartOilaKidsUsageReportExtension/SmartOilaKidsUsageReportExtension.entitlements;
				CODE_SIGN_STYLE = Automatic;
				CURRENT_PROJECT_VERSION = 6;
				DEVELOPMENT_TEAM = 3TWN5NW4BL;
				INFOPLIST_FILE = SmartOilaKidsUsageReportExtension/Info.plist;
				IPHONEOS_DEPLOYMENT_TARGET = 16.0;
				LD_RUNPATH_SEARCH_PATHS = (
					"$(inherited)",
					"@executable_path/Frameworks",
					"@executable_path/../../Frameworks",
				);
				MARKETING_VERSION = 1.1;
				PRODUCT_BUNDLE_IDENTIFIER = "uz.smartoila.kids.usage-report";
				PRODUCT_NAME = "$(TARGET_NAME)";
				PROVISIONING_PROFILE_SPECIFIER = "";
				SDKROOT = iphoneos;
				SKIP_INSTALL = YES;
				SWIFT_VERSION = 5.1;
				TARGETED_DEVICE_FAMILY = "1,2";
			};
			name = Release;
		};
		577ACE46E9FA3D18917BF280 /* Debug */ = {
			isa = XCBuildConfiguration;
			buildSettings = {
				ASSETCATALOG_COMPILER_APPICON_NAME = AppIcon;
				ASSETCATALOG_COMPILER_GLOBAL_ACCENT_COLOR_NAME = AccentColor;
				CODE_SIGN_ENTITLEMENTS = SmartOilaKids/Resources/SmartOilaKids.entitlements;
				CODE_SIGN_STYLE = Automatic;
				CURRENT_PROJECT_VERSION = 6;
				DEVELOPMENT_TEAM = 3TWN5NW4BL;
				INFOPLIST_FILE = SmartOilaKids/Resources/Info.plist;
				INFOPLIST_KEY_CFBundleDisplayName = "Bolajon360";
				IPHONEOS_DEPLOYMENT_TARGET = 16.0;
				LD_RUNPATH_SEARCH_PATHS = (
					"$(inherited)",
					"@executable_path/Frameworks",
				);
				MARKETING_VERSION = 1.1;
				PRODUCT_BUNDLE_IDENTIFIER = uz.smartoila.kids;
				PROVISIONING_PROFILE_SPECIFIER = "";
				SDKROOT = iphoneos;
				TARGETED_DEVICE_FAMILY = "1,2";
			};
			name = Debug;
		};
		57987690BF77480FA87C10C9 /* Release */ = {
			isa = XCBuildConfiguration;
			buildSettings = {
				APPLICATION_EXTENSION_API_ONLY = YES;
				CODE_SIGN_ENTITLEMENTS = SmartOilaKidsScheduleMonitorExtension/SmartOilaKidsScheduleMonitorExtension.entitlements;
				CODE_SIGN_STYLE = Automatic;
				CURRENT_PROJECT_VERSION = 6;
				DEVELOPMENT_TEAM = 3TWN5NW4BL;
				INFOPLIST_FILE = SmartOilaKidsScheduleMonitorExtension/Info.plist;
				IPHONEOS_DEPLOYMENT_TARGET = 16.0;
				LD_RUNPATH_SEARCH_PATHS = (
					"$(inherited)",
					"@executable_path/Frameworks",
					"@executable_path/../../Frameworks",
				);
				MARKETING_VERSION = 1.1;
				PRODUCT_BUNDLE_IDENTIFIER = "uz.smartoila.kids.schedule-monitor";
				PRODUCT_NAME = "$(TARGET_NAME)";
				PROVISIONING_PROFILE_SPECIFIER = "";
				SDKROOT = iphoneos;
				SKIP_INSTALL = YES;
				SWIFT_VERSION = 5.1;
				TARGETED_DEVICE_FAMILY = "1,2";
			};
			name = Release;
		};
		9C9208C1A3024BB37BF4AF82 /* Release */ = {
			isa = XCBuildConfiguration;
			buildSettings = {
				ASSETCATALOG_COMPILER_APPICON_NAME = AppIcon;
				ASSETCATALOG_COMPILER_GLOBAL_ACCENT_COLOR_NAME = AccentColor;
				CODE_SIGN_ENTITLEMENTS = SmartOilaKids/Resources/SmartOilaKids.entitlements;
				CODE_SIGN_STYLE = Automatic;
				CURRENT_PROJECT_VERSION = 6;
				DEVELOPMENT_TEAM = 3TWN5NW4BL;
				INFOPLIST_FILE = SmartOilaKids/Resources/Info.plist;
				INFOPLIST_KEY_CFBundleDisplayName = "Bolajon360";
				IPHONEOS_DEPLOYMENT_TARGET = 16.0;
				LD_RUNPATH_SEARCH_PATHS = (
					"$(inherited)",
					"@executable_path/Frameworks",
				);
				MARKETING_VERSION = 1.1;
				PRODUCT_BUNDLE_IDENTIFIER = uz.smartoila.kids;
				PROVISIONING_PROFILE_SPECIFIER = "";
				SDKROOT = iphoneos;
				TARGETED_DEVICE_FAMILY = "1,2";
			};
			name = Release;
		};
		A1E920391DE2C8D10F4DC98A /* Debug */ = {
			isa = XCBuildConfiguration;
			buildSettings = {
				ALWAYS_SEARCH_USER_PATHS = NO;
				CLANG_ANALYZER_NONNULL = YES;
				CLANG_ANALYZER_NUMBER_OBJECT_CONVERSION = YES_AGGRESSIVE;
				CLANG_CXX_LANGUAGE_STANDARD = "gnu++14";
				CLANG_CXX_LIBRARY = "libc++";
				CLANG_ENABLE_MODULES = YES;
				CLANG_ENABLE_OBJC_ARC = YES;
				CLANG_ENABLE_OBJC_WEAK = YES;
				CLANG_WARN_BLOCK_CAPTURE_AUTORELEASING = YES;
				CLANG_WARN_BOOL_CONVERSION = YES;
				CLANG_WARN_COMMA = YES;
				CLANG_WARN_CONSTANT_CONVERSION = YES;
				CLANG_WARN_DEPRECATED_OBJC_IMPLEMENTATIONS = YES;
				CLANG_WARN_DIRECT_OBJC_ISA_USAGE = YES_ERROR;
				CLANG_WARN_DOCUMENTATION_COMMENTS = YES;
				CLANG_WARN_EMPTY_BODY = YES;
				CLANG_WARN_ENUM_CONVERSION = YES;
				CLANG_WARN_INFINITE_RECURSION = YES;
				CLANG_WARN_INT_CONVERSION = YES;
				CLANG_WARN_NON_LITERAL_NULL_CONVERSION = YES;
				CLANG_WARN_OBJC_IMPLICIT_RETAIN_SELF = YES;
				CLANG_WARN_OBJC_LITERAL_CONVERSION = YES;
				CLANG_WARN_OBJC_ROOT_CLASS = YES_ERROR;
				CLANG_WARN_QUOTED_INCLUDE_IN_FRAMEWORK_HEADER = YES;
				CLANG_WARN_RANGE_LOOP_ANALYSIS = YES;
				CLANG_WARN_STRICT_PROTOTYPES = YES;
				CLANG_WARN_SUSPICIOUS_MOVE = YES;
				CLANG_WARN_UNGUARDED_AVAILABILITY = YES_AGGRESSIVE;
				CLANG_WARN_UNREACHABLE_CODE = YES;
				CLANG_WARN__DUPLICATE_METHOD_MATCH = YES;
				COPY_PHASE_STRIP = NO;
				DEBUG_INFORMATION_FORMAT = dwarf;
				ENABLE_STRICT_OBJC_MSGSEND = YES;
				ENABLE_TESTABILITY = YES;
				GCC_C_LANGUAGE_STANDARD = gnu11;
				GCC_DYNAMIC_NO_PIC = NO;
				GCC_NO_COMMON_BLOCKS = YES;
				GCC_OPTIMIZATION_LEVEL = 0;
				GCC_PREPROCESSOR_DEFINITIONS = (
					"$(inherited)",
					"DEBUG=1",
				);
				GCC_WARN_64_TO_32_BIT_CONVERSION = YES;
				GCC_WARN_ABOUT_RETURN_TYPE = YES_ERROR;
				GCC_WARN_UNDECLARED_SELECTOR = YES;
				GCC_WARN_UNINITIALIZED_AUTOS = YES_AGGRESSIVE;
				GCC_WARN_UNUSED_FUNCTION = YES;
				GCC_WARN_UNUSED_VARIABLE = YES;
				MTL_ENABLE_DEBUG_INFO = INCLUDE_SOURCE;
				MTL_FAST_MATH = YES;
				ONLY_ACTIVE_ARCH = YES;
				PRODUCT_NAME = "$(TARGET_NAME)";
				SDKROOT = iphoneos;
				SWIFT_ACTIVE_COMPILATION_CONDITIONS = DEBUG;
				SWIFT_OPTIMIZATION_LEVEL = "-Onone";
				SWIFT_VERSION = 5.1;
				TARGETED_DEVICE_FAMILY = "1,2";
			};
			name = Debug;
		};
		EF547A24D1B84AD7B691A878 /* Debug */ = {
			isa = XCBuildConfiguration;
			buildSettings = {
				APPLICATION_EXTENSION_API_ONLY = YES;
				CODE_SIGN_ENTITLEMENTS = SmartOilaKidsUsageReportExtension/SmartOilaKidsUsageReportExtension.entitlements;
				CODE_SIGN_STYLE = Automatic;
				CURRENT_PROJECT_VERSION = 6;
				DEVELOPMENT_TEAM = 3TWN5NW4BL;
				INFOPLIST_FILE = SmartOilaKidsUsageReportExtension/Info.plist;
				IPHONEOS_DEPLOYMENT_TARGET = 16.0;
				LD_RUNPATH_SEARCH_PATHS = (
					"$(inherited)",
					"@executable_path/Frameworks",
					"@executable_path/../../Frameworks",
				);
				MARKETING_VERSION = 1.1;
				PRODUCT_BUNDLE_IDENTIFIER = "uz.smartoila.kids.usage-report";
				PRODUCT_NAME = "$(TARGET_NAME)";
				PROVISIONING_PROFILE_SPECIFIER = "";
				SDKROOT = iphoneos;
				SKIP_INSTALL = YES;
				SWIFT_ACTIVE_COMPILATION_CONDITIONS = DEBUG;
				SWIFT_VERSION = 5.1;
				TARGETED_DEVICE_FAMILY = "1,2";
			};
			name = Debug;
		};
		F1A0B1C2D3E4F5061728394A /* Debug */ = {
			isa = XCBuildConfiguration;
			buildSettings = {
				BUNDLE_LOADER = "$(TEST_HOST)";
				CODE_SIGN_STYLE = Automatic;
				CURRENT_PROJECT_VERSION = 6;
				DEVELOPMENT_TEAM = 3TWN5NW4BL;
				GENERATE_INFOPLIST_FILE = YES;
				IPHONEOS_DEPLOYMENT_TARGET = 16.0;
				LD_RUNPATH_SEARCH_PATHS = (
					"$(inherited)",
					"@executable_path/Frameworks",
					"@loader_path/Frameworks",
				);
				MARKETING_VERSION = 1.0.0;
				PRODUCT_BUNDLE_IDENTIFIER = uz.smartoila.kids.tests;
				PRODUCT_NAME = "$(TARGET_NAME)";
				PROVISIONING_PROFILE_SPECIFIER = "";
				SDKROOT = iphoneos;
				SWIFT_ACTIVE_COMPILATION_CONDITIONS = DEBUG;
				SWIFT_VERSION = 5.1;
				TARGETED_DEVICE_FAMILY = "1,2";
				TEST_HOST = "$(BUILT_PRODUCTS_DIR)/SmartOilaKids.app/SmartOilaKids";
				TEST_TARGET_NAME = SmartOilaKids;
			};
			name = Debug;
		};
		F1A0B1C2D3E4F5061728394B /* Release */ = {
			isa = XCBuildConfiguration;
			buildSettings = {
				BUNDLE_LOADER = "$(TEST_HOST)";
				CODE_SIGN_STYLE = Automatic;
				CURRENT_PROJECT_VERSION = 6;
				DEVELOPMENT_TEAM = 3TWN5NW4BL;
				GENERATE_INFOPLIST_FILE = YES;
				IPHONEOS_DEPLOYMENT_TARGET = 16.0;
				LD_RUNPATH_SEARCH_PATHS = (
					"$(inherited)",
					"@executable_path/Frameworks",
					"@loader_path/Frameworks",
				);
				MARKETING_VERSION = 1.0.0;
				PRODUCT_BUNDLE_IDENTIFIER = uz.smartoila.kids.tests;
				PRODUCT_NAME = "$(TARGET_NAME)";
				PROVISIONING_PROFILE_SPECIFIER = "";
				SDKROOT = iphoneos;
				SWIFT_VERSION = 5.1;
				TARGETED_DEVICE_FAMILY = "1,2";
				TEST_HOST = "$(BUILT_PRODUCTS_DIR)/SmartOilaKids.app/SmartOilaKids";
				TEST_TARGET_NAME = SmartOilaKids;
			};
			name = Release;
		};
		FD5E8F742F464DD22AEFC2CF /* Release */ = {
			isa = XCBuildConfiguration;
			buildSettings = {
				ALWAYS_SEARCH_USER_PATHS = NO;
				CLANG_ANALYZER_NONNULL = YES;
				CLANG_ANALYZER_NUMBER_OBJECT_CONVERSION = YES_AGGRESSIVE;
				CLANG_CXX_LANGUAGE_STANDARD = "gnu++14";
				CLANG_CXX_LIBRARY = "libc++";
				CLANG_ENABLE_MODULES = YES;
				CLANG_ENABLE_OBJC_ARC = YES;
				CLANG_ENABLE_OBJC_WEAK = YES;
				CLANG_WARN_BLOCK_CAPTURE_AUTORELEASING = YES;
				CLANG_WARN_BOOL_CONVERSION = YES;
				CLANG_WARN_COMMA = YES;
				CLANG_WARN_CONSTANT_CONVERSION = YES;
				CLANG_WARN_DEPRECATED_OBJC_IMPLEMENTATIONS = YES;
				CLANG_WARN_DIRECT_OBJC_ISA_USAGE = YES_ERROR;
				CLANG_WARN_DOCUMENTATION_COMMENTS = YES;
				CLANG_WARN_EMPTY_BODY = YES;
				CLANG_WARN_ENUM_CONVERSION = YES;
				CLANG_WARN_INFINITE_RECURSION = YES;
				CLANG_WARN_INT_CONVERSION = YES;
				CLANG_WARN_NON_LITERAL_NULL_CONVERSION = YES;
				CLANG_WARN_OBJC_IMPLICIT_RETAIN_SELF = YES;
				CLANG_WARN_OBJC_LITERAL_CONVERSION = YES;
				CLANG_WARN_OBJC_ROOT_CLASS = YES_ERROR;
				CLANG_WARN_QUOTED_INCLUDE_IN_FRAMEWORK_HEADER = YES;
				CLANG_WARN_RANGE_LOOP_ANALYSIS = YES;
				CLANG_WARN_STRICT_PROTOTYPES = YES;
				CLANG_WARN_SUSPICIOUS_MOVE = YES;
				CLANG_WARN_UNGUARDED_AVAILABILITY = YES_AGGRESSIVE;
				CLANG_WARN_UNREACHABLE_CODE = YES;
				CLANG_WARN__DUPLICATE_METHOD_MATCH = YES;
				COPY_PHASE_STRIP = NO;
				DEBUG_INFORMATION_FORMAT = "dwarf-with-dsym";
				ENABLE_NS_ASSERTIONS = NO;
				ENABLE_STRICT_OBJC_MSGSEND = YES;
				GCC_C_LANGUAGE_STANDARD = gnu11;
				GCC_NO_COMMON_BLOCKS = YES;
				GCC_WARN_64_TO_32_BIT_CONVERSION = YES;
				GCC_WARN_ABOUT_RETURN_TYPE = YES_ERROR;
				GCC_WARN_UNDECLARED_SELECTOR = YES;
				GCC_WARN_UNINITIALIZED_AUTOS = YES_AGGRESSIVE;
				GCC_WARN_UNUSED_FUNCTION = YES;
				GCC_WARN_UNUSED_VARIABLE = YES;
				MTL_ENABLE_DEBUG_INFO = NO;
				MTL_FAST_MATH = YES;
				PRODUCT_NAME = "$(TARGET_NAME)";
				SDKROOT = iphoneos;
				SWIFT_COMPILATION_MODE = wholemodule;
				SWIFT_OPTIMIZATION_LEVEL = "-O";
				SWIFT_VERSION = 5.1;
				TARGETED_DEVICE_FAMILY = "1,2";
			};
			name = Release;
		};
/* End XCBuildConfiguration section */

/* Begin XCConfigurationList section */
		3A1916603E6F4D1BAF62FF3B /* Build configuration list for PBXNativeTarget "SmartOilaKidsScheduleMonitorExtension" */ = {
			isa = XCConfigurationList;
			buildConfigurations = (
				10CF93DEB7724EFD99390308 /* Debug */,
				57987690BF77480FA87C10C9 /* Release */,
			);
			defaultConfigurationIsVisible = 0;
			defaultConfigurationName = Debug;
		};
		4706FBD956A243CB5168CB9F /* Build configuration list for PBXNativeTarget "SmartOilaKids" */ = {
			isa = XCConfigurationList;
			buildConfigurations = (
				577ACE46E9FA3D18917BF280 /* Debug */,
				9C9208C1A3024BB37BF4AF82 /* Release */,
			);
			defaultConfigurationIsVisible = 0;
			defaultConfigurationName = Debug;
		};
		5D15E3D4B83144709B4A6609 /* Build configuration list for PBXNativeTarget "SmartOilaKidsUsageReportExtension" */ = {
			isa = XCConfigurationList;
			buildConfigurations = (
				EF547A24D1B84AD7B691A878 /* Debug */,
				27643A66E9D248AEA6501478 /* Release */,
			);
			defaultConfigurationIsVisible = 0;
			defaultConfigurationName = Debug;
		};
		BC30E4F170F517F6C818ED4F /* Build configuration list for PBXProject "SmartOilaKids" */ = {
			isa = XCConfigurationList;
			buildConfigurations = (
				A1E920391DE2C8D10F4DC98A /* Debug */,
				FD5E8F742F464DD22AEFC2CF /* Release */,
			);
			defaultConfigurationIsVisible = 0;
			defaultConfigurationName = Debug;
		};
		F1A0B1C2D3E4F5061728394C /* Build configuration list for PBXNativeTarget "SmartOilaKidsTests" */ = {
			isa = XCConfigurationList;
			buildConfigurations = (
				F1A0B1C2D3E4F5061728394A /* Debug */,
				F1A0B1C2D3E4F5061728394B /* Release */,
			);
			defaultConfigurationIsVisible = 0;
			defaultConfigurationName = Debug;
		};
/* End XCConfigurationList section */
	};
	rootObject = 2A1B11DB51DD89B22A0A6A7A /* Project object */;
}
